// !$*UTF8*$!
{
	archiveVersion = 1;
	classes = {
	};
	objectVersion = 46;
	objects = {

/* Begin PBXBuildFile section */
		1D3623260D0F684500981E51 /* incogitoAppDelegate.m in Sources */ = {isa = PBXBuildFile; fileRef = 1D3623250D0F684500981E51 /* incogitoAppDelegate.m */; };
		1D60589B0D05DD56006BFB54 /* main.m in Sources */ = {isa = PBXBuildFile; fileRef = 29B97316FDCFA39411CA2CEA /* main.m */; };
		1D60589F0D05DD5A006BFB54 /* Foundation.framework in Frameworks */ = {isa = PBXBuildFile; fileRef = 1D30AB110D05D00D00671497 /* Foundation.framework */; };
		1DF5F4E00D08C38300B7A737 /* UIKit.framework in Frameworks */ = {isa = PBXBuildFile; fileRef = 1DF5F4DF0D08C38300B7A737 /* UIKit.framework */; };
		28193060112F816700ECF9B4 /* incogito.xcdatamodeld in Sources */ = {isa = PBXBuildFile; fileRef = 2819305F112F816700ECF9B4 /* incogito.xcdatamodeld */; };
		288765A50DF7441C002DB57D /* CoreGraphics.framework in Frameworks */ = {isa = PBXBuildFile; fileRef = 288765A40DF7441C002DB57D /* CoreGraphics.framework */; };
		28AD733F0D9D9553002E5188 /* MainWindow.xib in Resources */ = {isa = PBXBuildFile; fileRef = 28AD733E0D9D9553002E5188 /* MainWindow.xib */; };
		28D801B40F44B63D00FB423F /* CoreData.framework in Frameworks */ = {isa = PBXBuildFile; fileRef = 28D801B30F44B63D00FB423F /* CoreData.framework */; };
		834243EB11E74CAD00B438A8 /* Icon.png in Resources */ = {isa = PBXBuildFile; fileRef = 834243EA11E74CAD00B438A8 /* Icon.png */; };
		838FC59811EC486600160C5E /* SessionList.xib in Resources */ = {isa = PBXBuildFile; fileRef = 838FC59711EC486600160C5E /* SessionList.xib */; };
		838FC60711EC4CD800160C5E /* SessionViewController.m in Sources */ = {isa = PBXBuildFile; fileRef = 838FC60611EC4CD800160C5E /* SessionViewController.m */; };
		8394723C11EB98500075C4C1 /* JavazoneSessionsRetriever.m in Sources */ = {isa = PBXBuildFile; fileRef = 8394723B11EB98500075C4C1 /* JavazoneSessionsRetriever.m */; };
		8394726611EB98B10075C4C1 /* NSObject+SBJSON.m in Sources */ = {isa = PBXBuildFile; fileRef = 8394725B11EB98B10075C4C1 /* NSObject+SBJSON.m */; };
		8394726711EB98B10075C4C1 /* NSString+SBJSON.m in Sources */ = {isa = PBXBuildFile; fileRef = 8394725D11EB98B10075C4C1 /* NSString+SBJSON.m */; };
		8394726811EB98B10075C4C1 /* SBJSON.m in Sources */ = {isa = PBXBuildFile; fileRef = 8394725F11EB98B10075C4C1 /* SBJSON.m */; };
		8394726911EB98B10075C4C1 /* SBJsonBase.m in Sources */ = {isa = PBXBuildFile; fileRef = 8394726111EB98B10075C4C1 /* SBJsonBase.m */; };
		8394726A11EB98B10075C4C1 /* SBJsonParser.m in Sources */ = {isa = PBXBuildFile; fileRef = 8394726311EB98B10075C4C1 /* SBJsonParser.m */; };
		8394726B11EB98B10075C4C1 /* SBJsonWriter.m in Sources */ = {isa = PBXBuildFile; fileRef = 8394726511EB98B10075C4C1 /* SBJsonWriter.m */; };
		8394729411EB9C3E0075C4C1 /* JZSession.m in Sources */ = {isa = PBXBuildFile; fileRef = 8394729311EB9C3E0075C4C1 /* JZSession.m */; };
/* End PBXBuildFile section */

/* Begin PBXFileReference section */
		1D30AB110D05D00D00671497 /* Foundation.framework */ = {isa = PBXFileReference; lastKnownFileType = wrapper.framework; name = Foundation.framework; path = System/Library/Frameworks/Foundation.framework; sourceTree = SDKROOT; };
		1D3623240D0F684500981E51 /* incogitoAppDelegate.h */ = {isa = PBXFileReference; fileEncoding = 4; lastKnownFileType = sourcecode.c.h; path = incogitoAppDelegate.h; sourceTree = "<group>"; };
		1D3623250D0F684500981E51 /* incogitoAppDelegate.m */ = {isa = PBXFileReference; fileEncoding = 4; lastKnownFileType = sourcecode.c.objc; path = incogitoAppDelegate.m; sourceTree = "<group>"; };
		1D6058910D05DD3D006BFB54 /* JavaZone.app */ = {isa = PBXFileReference; explicitFileType = wrapper.application; includeInIndex = 0; path = JavaZone.app; sourceTree = BUILT_PRODUCTS_DIR; };
		1DF5F4DF0D08C38300B7A737 /* UIKit.framework */ = {isa = PBXFileReference; lastKnownFileType = wrapper.framework; name = UIKit.framework; path = System/Library/Frameworks/UIKit.framework; sourceTree = SDKROOT; };
		288765A40DF7441C002DB57D /* CoreGraphics.framework */ = {isa = PBXFileReference; lastKnownFileType = wrapper.framework; name = CoreGraphics.framework; path = System/Library/Frameworks/CoreGraphics.framework; sourceTree = SDKROOT; };
		28AD733E0D9D9553002E5188 /* MainWindow.xib */ = {isa = PBXFileReference; lastKnownFileType = file.xib; path = MainWindow.xib; sourceTree = "<group>"; };
		28C3AD890F43EF2300507BA6 /* incogito.xcdatamodel */ = {isa = PBXFileReference; fileEncoding = 4; lastKnownFileType = wrapper.xcdatamodel; path = incogito.xcdatamodel; sourceTree = "<group>"; };
		28D801B30F44B63D00FB423F /* CoreData.framework */ = {isa = PBXFileReference; lastKnownFileType = wrapper.framework; name = CoreData.framework; path = System/Library/Frameworks/CoreData.framework; sourceTree = SDKROOT; };
		29B97316FDCFA39411CA2CEA /* main.m */ = {isa = PBXFileReference; fileEncoding = 4; lastKnownFileType = sourcecode.c.objc; path = main.m; sourceTree = "<group>"; };
		32CA4F630368D1EE00C91783 /* incogito_Prefix.pch */ = {isa = PBXFileReference; fileEncoding = 4; lastKnownFileType = sourcecode.c.h; path = incogito_Prefix.pch; sourceTree = "<group>"; };
		834243EA11E74CAD00B438A8 /* Icon.png */ = {isa = PBXFileReference; lastKnownFileType = image.png; path = Icon.png; sourceTree = "<group>"; };
		838FC59711EC486600160C5E /* SessionList.xib */ = {isa = PBXFileReference; lastKnownFileType = file.xib; path = SessionList.xib; sourceTree = "<group>"; };
		838FC60511EC4CD800160C5E /* SessionViewController.h */ = {isa = PBXFileReference; fileEncoding = 4; lastKnownFileType = sourcecode.c.h; name = SessionViewController.h; path = ../SessionViewController.h; sourceTree = "<group>"; };
		838FC60611EC4CD800160C5E /* SessionViewController.m */ = {isa = PBXFileReference; fileEncoding = 4; lastKnownFileType = sourcecode.c.objc; name = SessionViewController.m; path = ../SessionViewController.m; sourceTree = "<group>"; };
		8394723A11EB98500075C4C1 /* JavazoneSessionsRetriever.h */ = {isa = PBXFileReference; fileEncoding = 4; lastKnownFileType = sourcecode.c.h; name = JavazoneSessionsRetriever.h; path = ../JavazoneSessionsRetriever.h; sourceTree = "<group>"; };
		8394723B11EB98500075C4C1 /* JavazoneSessionsRetriever.m */ = {isa = PBXFileReference; fileEncoding = 4; lastKnownFileType = sourcecode.c.objc; name = JavazoneSessionsRetriever.m; path = ../JavazoneSessionsRetriever.m; sourceTree = "<group>"; };
		8394725911EB98B10075C4C1 /* JSON.h */ = {isa = PBXFileReference; fileEncoding = 4; lastKnownFileType = sourcecode.c.h; path = JSON.h; sourceTree = "<group>"; };
		8394725A11EB98B10075C4C1 /* NSObject+SBJSON.h */ = {isa = PBXFileReference; fileEncoding = 4; lastKnownFileType = sourcecode.c.h; path = "NSObject+SBJSON.h"; sourceTree = "<group>"; };
		8394725B11EB98B10075C4C1 /* NSObject+SBJSON.m */ = {isa = PBXFileReference; fileEncoding = 4; lastKnownFileType = sourcecode.c.objc; path = "NSObject+SBJSON.m"; sourceTree = "<group>"; };
		8394725C11EB98B10075C4C1 /* NSString+SBJSON.h */ = {isa = PBXFileReference; fileEncoding = 4; lastKnownFileType = sourcecode.c.h; path = "NSString+SBJSON.h"; sourceTree = "<group>"; };
		8394725D11EB98B10075C4C1 /* NSString+SBJSON.m */ = {isa = PBXFileReference; fileEncoding = 4; lastKnownFileType = sourcecode.c.objc; path = "NSString+SBJSON.m"; sourceTree = "<group>"; };
		8394725E11EB98B10075C4C1 /* SBJSON.h */ = {isa = PBXFileReference; fileEncoding = 4; lastKnownFileType = sourcecode.c.h; path = SBJSON.h; sourceTree = "<group>"; };
		8394725F11EB98B10075C4C1 /* SBJSON.m */ = {isa = PBXFileReference; fileEncoding = 4; lastKnownFileType = sourcecode.c.objc; path = SBJSON.m; sourceTree = "<group>"; };
		8394726011EB98B10075C4C1 /* SBJsonBase.h */ = {isa = PBXFileReference; fileEncoding = 4; lastKnownFileType = sourcecode.c.h; path = SBJsonBase.h; sourceTree = "<group>"; };
		8394726111EB98B10075C4C1 /* SBJsonBase.m */ = {isa = PBXFileReference; fileEncoding = 4; lastKnownFileType = sourcecode.c.objc; path = SBJsonBase.m; sourceTree = "<group>"; };
		8394726211EB98B10075C4C1 /* SBJsonParser.h */ = {isa = PBXFileReference; fileEncoding = 4; lastKnownFileType = sourcecode.c.h; path = SBJsonParser.h; sourceTree = "<group>"; };
		8394726311EB98B10075C4C1 /* SBJsonParser.m */ = {isa = PBXFileReference; fileEncoding = 4; lastKnownFileType = sourcecode.c.objc; path = SBJsonParser.m; sourceTree = "<group>"; };
		8394726411EB98B10075C4C1 /* SBJsonWriter.h */ = {isa = PBXFileReference; fileEncoding = 4; lastKnownFileType = sourcecode.c.h; path = SBJsonWriter.h; sourceTree = "<group>"; };
		8394726511EB98B10075C4C1 /* SBJsonWriter.m */ = {isa = PBXFileReference; fileEncoding = 4; lastKnownFileType = sourcecode.c.objc; path = SBJsonWriter.m; sourceTree = "<group>"; };
		8394729211EB9C3E0075C4C1 /* JZSession.h */ = {isa = PBXFileReference; fileEncoding = 4; lastKnownFileType = sourcecode.c.h; path = JZSession.h; sourceTree = "<group>"; };
		8394729311EB9C3E0075C4C1 /* JZSession.m */ = {isa = PBXFileReference; fileEncoding = 4; lastKnownFileType = sourcecode.c.objc; path = JZSession.m; sourceTree = "<group>"; };
		8D1107310486CEB800E47090 /* incogito-Info.plist */ = {isa = PBXFileReference; fileEncoding = 4; lastKnownFileType = text.plist.xml; path = "incogito-Info.plist"; plistStructureDefinitionIdentifier = "com.apple.xcode.plist.structure-definition.iphone.info-plist"; sourceTree = "<group>"; };
/* End PBXFileReference section */

/* Begin PBXFrameworksBuildPhase section */
		1D60588F0D05DD3D006BFB54 /* Frameworks */ = {
			isa = PBXFrameworksBuildPhase;
			buildActionMask = 2147483647;
			files = (
				1D60589F0D05DD5A006BFB54 /* Foundation.framework in Frameworks */,
				1DF5F4E00D08C38300B7A737 /* UIKit.framework in Frameworks */,
				288765A50DF7441C002DB57D /* CoreGraphics.framework in Frameworks */,
				28D801B40F44B63D00FB423F /* CoreData.framework in Frameworks */,
			);
			runOnlyForDeploymentPostprocessing = 0;
		};
/* End PBXFrameworksBuildPhase section */

/* Begin PBXGroup section */
		080E96DDFE201D6D7F000001 /* Classes */ = {
			isa = PBXGroup;
			children = (
				838FC60511EC4CD800160C5E /* SessionViewController.h */,
				838FC60611EC4CD800160C5E /* SessionViewController.m */,
				83F2D54411EBB56B0043A75E /* REST */,
				1D3623240D0F684500981E51 /* incogitoAppDelegate.h */,
				1D3623250D0F684500981E51 /* incogitoAppDelegate.m */,
			);
			path = Classes;
			sourceTree = "<group>";
		};
		19C28FACFE9D520D11CA2CBB /* Products */ = {
			isa = PBXGroup;
			children = (
				1D6058910D05DD3D006BFB54 /* JavaZone.app */,
			);
			name = Products;
			sourceTree = "<group>";
		};
		29B97314FDCFA39411CA2CEA /* CustomTemplate */ = {
			isa = PBXGroup;
			children = (
				080E96DDFE201D6D7F000001 /* Classes */,
				29B97315FDCFA39411CA2CEA /* Other Sources */,
				29B97317FDCFA39411CA2CEA /* Resources */,
				29B97323FDCFA39411CA2CEA /* Frameworks */,
				19C28FACFE9D520D11CA2CBB /* Products */,
			);
			name = CustomTemplate;
			sourceTree = "<group>";
		};
		29B97315FDCFA39411CA2CEA /* Other Sources */ = {
			isa = PBXGroup;
			children = (
				32CA4F630368D1EE00C91783 /* incogito_Prefix.pch */,
				29B97316FDCFA39411CA2CEA /* main.m */,
			);
			name = "Other Sources";
			sourceTree = "<group>";
		};
		29B97317FDCFA39411CA2CEA /* Resources */ = {
			isa = PBXGroup;
			children = (
				834243EA11E74CAD00B438A8 /* Icon.png */,
				2819305F112F816700ECF9B4 /* incogito.xcdatamodeld */,
				28AD733E0D9D9553002E5188 /* MainWindow.xib */,
				838FC59711EC486600160C5E /* SessionList.xib */,
				8D1107310486CEB800E47090 /* incogito-Info.plist */,
			);
			name = Resources;
			sourceTree = "<group>";
		};
		29B97323FDCFA39411CA2CEA /* Frameworks */ = {
			isa = PBXGroup;
			children = (
				1DF5F4DF0D08C38300B7A737 /* UIKit.framework */,
				1D30AB110D05D00D00671497 /* Foundation.framework */,
				288765A40DF7441C002DB57D /* CoreGraphics.framework */,
				28D801B30F44B63D00FB423F /* CoreData.framework */,
			);
			name = Frameworks;
			sourceTree = "<group>";
		};
		8394725811EB98B10075C4C1 /* JSON */ = {
			isa = PBXGroup;
			children = (
				8394725911EB98B10075C4C1 /* JSON.h */,
				8394725A11EB98B10075C4C1 /* NSObject+SBJSON.h */,
				8394725B11EB98B10075C4C1 /* NSObject+SBJSON.m */,
				8394725C11EB98B10075C4C1 /* NSString+SBJSON.h */,
				8394725D11EB98B10075C4C1 /* NSString+SBJSON.m */,
				8394725E11EB98B10075C4C1 /* SBJSON.h */,
				8394725F11EB98B10075C4C1 /* SBJSON.m */,
				8394726011EB98B10075C4C1 /* SBJsonBase.h */,
				8394726111EB98B10075C4C1 /* SBJsonBase.m */,
				8394726211EB98B10075C4C1 /* SBJsonParser.h */,
				8394726311EB98B10075C4C1 /* SBJsonParser.m */,
				8394726411EB98B10075C4C1 /* SBJsonWriter.h */,
				8394726511EB98B10075C4C1 /* SBJsonWriter.m */,
			);
			name = JSON;
			path = ../JSON;
			sourceTree = "<group>";
		};
		83F2D54411EBB56B0043A75E /* REST */ = {
			isa = PBXGroup;
			children = (
				8394723A11EB98500075C4C1 /* JavazoneSessionsRetriever.h */,
				8394723B11EB98500075C4C1 /* JavazoneSessionsRetriever.m */,
				8394725811EB98B10075C4C1 /* JSON */,
			);
			name = REST;
			sourceTree = "<group>";
		};
/* End PBXGroup section */

/* Begin PBXNativeTarget section */
		1D6058900D05DD3D006BFB54 /* incogito */ = {
			isa = PBXNativeTarget;
			buildConfigurationList = 1D6058960D05DD3E006BFB54 /* Build configuration list for PBXNativeTarget "incogito" */;
			buildPhases = (
				1D60588D0D05DD3D006BFB54 /* Resources */,
				1D60588E0D05DD3D006BFB54 /* Sources */,
				1D60588F0D05DD3D006BFB54 /* Frameworks */,
			);
			buildRules = (
			);
			dependencies = (
			);
			name = incogito;
			productName = incogito;
			productReference = 1D6058910D05DD3D006BFB54 /* JavaZone.app */;
			productType = "com.apple.product-type.application";
		};
/* End PBXNativeTarget section */

/* Begin PBXProject section */
		29B97313FDCFA39411CA2CEA /* Project object */ = {
			isa = PBXProject;
			attributes = {
				ORGANIZATIONNAME = "Chris Searle";
			};
			buildConfigurationList = C01FCF4E08A954540054247B /* Build configuration list for PBXProject "incogito" */;
			compatibilityVersion = "Xcode 3.2";
			hasScannedForEncodings = 1;
			mainGroup = 29B97314FDCFA39411CA2CEA /* CustomTemplate */;
			projectDirPath = "";
			projectRoot = "";
			targets = (
				1D6058900D05DD3D006BFB54 /* incogito */,
			);
		};
/* End PBXProject section */

/* Begin PBXResourcesBuildPhase section */
		1D60588D0D05DD3D006BFB54 /* Resources */ = {
			isa = PBXResourcesBuildPhase;
			buildActionMask = 2147483647;
			files = (
				28AD733F0D9D9553002E5188 /* MainWindow.xib in Resources */,
				834243EB11E74CAD00B438A8 /* Icon.png in Resources */,
				838FC59811EC486600160C5E /* SessionList.xib in Resources */,
			);
			runOnlyForDeploymentPostprocessing = 0;
		};
/* End PBXResourcesBuildPhase section */

/* Begin PBXSourcesBuildPhase section */
		1D60588E0D05DD3D006BFB54 /* Sources */ = {
			isa = PBXSourcesBuildPhase;
			buildActionMask = 2147483647;
			files = (
				1D60589B0D05DD56006BFB54 /* main.m in Sources */,
				1D3623260D0F684500981E51 /* incogitoAppDelegate.m in Sources */,
				28193060112F816700ECF9B4 /* incogito.xcdatamodeld in Sources */,
				8394723C11EB98500075C4C1 /* JavazoneSessionsRetriever.m in Sources */,
				8394726611EB98B10075C4C1 /* NSObject+SBJSON.m in Sources */,
				8394726711EB98B10075C4C1 /* NSString+SBJSON.m in Sources */,
				8394726811EB98B10075C4C1 /* SBJSON.m in Sources */,
				8394726911EB98B10075C4C1 /* SBJsonBase.m in Sources */,
				8394726A11EB98B10075C4C1 /* SBJsonParser.m in Sources */,
				8394726B11EB98B10075C4C1 /* SBJsonWriter.m in Sources */,
				8394729411EB9C3E0075C4C1 /* JZSession.m in Sources */,
				838FC60711EC4CD800160C5E /* SessionViewController.m in Sources */,
			);
			runOnlyForDeploymentPostprocessing = 0;
		};
/* End PBXSourcesBuildPhase section */

/* Begin XCBuildConfiguration section */
		1D6058940D05DD3E006BFB54 /* Debug */ = {
			isa = XCBuildConfiguration;
			buildSettings = {
				ALWAYS_SEARCH_USER_PATHS = NO;
				COPY_PHASE_STRIP = NO;
				GCC_DYNAMIC_NO_PIC = NO;
				GCC_OPTIMIZATION_LEVEL = 0;
				GCC_PRECOMPILE_PREFIX_HEADER = YES;
				GCC_PREFIX_HEADER = incogito_Prefix.pch;
				INFOPLIST_FILE = "incogito-Info.plist";
				PRODUCT_NAME = JavaZone;
			};
			name = Debug;
		};
		1D6058950D05DD3E006BFB54 /* Release */ = {
			isa = XCBuildConfiguration;
			buildSettings = {
				ALWAYS_SEARCH_USER_PATHS = NO;
				COPY_PHASE_STRIP = YES;
				GCC_PRECOMPILE_PREFIX_HEADER = YES;
				GCC_PREFIX_HEADER = incogito_Prefix.pch;
				INFOPLIST_FILE = "incogito-Info.plist";
				PRODUCT_NAME = incogito;
				VALIDATE_PRODUCT = YES;
			};
			name = Release;
		};
		C01FCF4F08A954540054247B /* Debug */ = {
			isa = XCBuildConfiguration;
			buildSettings = {
				ARCHS = "$(ARCHS_STANDARD_32_BIT)";
				"CODE_SIGN_IDENTITY[sdk=iphoneos*]" = "iPhone Developer";
				GCC_C_LANGUAGE_STANDARD = c99;
				GCC_WARN_ABOUT_RETURN_TYPE = YES;
				GCC_WARN_UNUSED_VARIABLE = YES;
				PREBINDING = NO;
				SDKROOT = iphoneos4.0;
			};
			name = Debug;
		};
		C01FCF5008A954540054247B /* Release */ = {
			isa = XCBuildConfiguration;
			buildSettings = {
				ARCHS = "$(ARCHS_STANDARD_32_BIT)";
				"CODE_SIGN_IDENTITY[sdk=iphoneos*]" = "iPhone Developer";
				GCC_C_LANGUAGE_STANDARD = c99;
				GCC_WARN_ABOUT_RETURN_TYPE = YES;
				GCC_WARN_UNUSED_VARIABLE = YES;
				OTHER_CFLAGS = "-DNS_BLOCK_ASSERTIONS=1";
				PREBINDING = NO;
				SDKROOT = iphoneos4.0;
			};
			name = Release;
		};
/* End XCBuildConfiguration section */

/* Begin XCConfigurationList section */
		1D6058960D05DD3E006BFB54 /* Build configuration list for PBXNativeTarget "incogito" */ = {
			isa = XCConfigurationList;
			buildConfigurations = (
				1D6058940D05DD3E006BFB54 /* Debug */,
				1D6058950D05DD3E006BFB54 /* Release */,
			);
			defaultConfigurationIsVisible = 0;
			defaultConfigurationName = Release;
		};
		C01FCF4E08A954540054247B /* Build configuration list for PBXProject "incogito" */ = {
			isa = XCConfigurationList;
			buildConfigurations = (
				C01FCF4F08A954540054247B /* Debug */,
				C01FCF5008A954540054247B /* Release */,
			);
			defaultConfigurationIsVisible = 0;
			defaultConfigurationName = Release;
		};
/* End XCConfigurationList section */

/* Begin XCVersionGroup section */
		2819305F112F816700ECF9B4 /* incogito.xcdatamodeld */ = {
			isa = XCVersionGroup;
			children = (
				8394729211EB9C3E0075C4C1 /* JZSession.h */,
				8394729311EB9C3E0075C4C1 /* JZSession.m */,
				28C3AD890F43EF2300507BA6 /* incogito.xcdatamodel */,
			);
			currentVersion = 28C3AD890F43EF2300507BA6 /* incogito.xcdatamodel */;
			path = incogito.xcdatamodeld;
			sourceTree = "<group>";
			versionGroupType = wrapper.xcdatamodel;
		};
/* End XCVersionGroup section */
	};
	rootObject = 29B97313FDCFA39411CA2CEA /* Project object */;
}
