// !$*UTF8*$!
{
	archiveVersion = 1;
	classes = {
	};
	objectVersion = 46;
	objects = {

/* Begin PBXBuildFile section */
		1D3623260D0F684500981E51 /* IncogitoAppDelegate.m in Sources */ = {isa = PBXBuildFile; fileRef = 1D3623250D0F684500981E51 /* IncogitoAppDelegate.m */; };
		1D60589B0D05DD56006BFB54 /* main.m in Sources */ = {isa = PBXBuildFile; fileRef = 29B97316FDCFA39411CA2CEA /* main.m */; };
		1D60589F0D05DD5A006BFB54 /* Foundation.framework in Frameworks */ = {isa = PBXBuildFile; fileRef = 1D30AB110D05D00D00671497 /* Foundation.framework */; };
		1DF5F4E00D08C38300B7A737 /* UIKit.framework in Frameworks */ = {isa = PBXBuildFile; fileRef = 1DF5F4DF0D08C38300B7A737 /* UIKit.framework */; };
		28193060112F816700ECF9B4 /* incogito.xcdatamodeld in Sources */ = {isa = PBXBuildFile; fileRef = 2819305F112F816700ECF9B4 /* incogito.xcdatamodeld */; };
		288765A50DF7441C002DB57D /* CoreGraphics.framework in Frameworks */ = {isa = PBXBuildFile; fileRef = 288765A40DF7441C002DB57D /* CoreGraphics.framework */; };
		28AD733F0D9D9553002E5188 /* MainWindow.xib in Resources */ = {isa = PBXBuildFile; fileRef = 28AD733E0D9D9553002E5188 /* MainWindow.xib */; };
		28D801B40F44B63D00FB423F /* CoreData.framework in Frameworks */ = {isa = PBXBuildFile; fileRef = 28D801B30F44B63D00FB423F /* CoreData.framework */; };
		830859CC120F2FF300F74041 /* ClubzoneMapAnnotation.m in Sources */ = {isa = PBXBuildFile; fileRef = 830859C9120F2FF300F74041 /* ClubzoneMapAnnotation.m */; };
		830859CD120F2FF300F74041 /* MapViewController.m in Sources */ = {isa = PBXBuildFile; fileRef = 830859CB120F2FF300F74041 /* MapViewController.m */; };
		830859D0120F300A00F74041 /* Map.xib in Resources */ = {isa = PBXBuildFile; fileRef = 830859CF120F300A00F74041 /* Map.xib */; };
		830859E2120F30DE00F74041 /* MapKit.framework in Frameworks */ = {isa = PBXBuildFile; fileRef = 830859E1120F30DE00F74041 /* MapKit.framework */; };
		830B12AA11EDC9EC004A9B25 /* 11-clock.png in Resources */ = {isa = PBXBuildFile; fileRef = 83424B4B11ED981200590A7A /* 11-clock.png */; };
		830B12AC11EDCA05004A9B25 /* 83-calendar.png in Resources */ = {isa = PBXBuildFile; fileRef = 83424BA811ED981300590A7A /* 83-calendar.png */; };
		830B12B811EDCA66004A9B25 /* Advanced.png in Resources */ = {isa = PBXBuildFile; fileRef = 830B12B511EDCA66004A9B25 /* Advanced.png */; };
		830B12B911EDCA66004A9B25 /* Intermediate.png in Resources */ = {isa = PBXBuildFile; fileRef = 830B12B611EDCA66004A9B25 /* Intermediate.png */; };
		830B12BA11EDCA66004A9B25 /* Introductory.png in Resources */ = {isa = PBXBuildFile; fileRef = 830B12B711EDCA66004A9B25 /* Introductory.png */; };
		8317CED711F038BB00DE7415 /* 28-star.png in Resources */ = {isa = PBXBuildFile; fileRef = 83424B7111ED981300590A7A /* 28-star.png */; };
		831AE80811FF5254008CB371 /* RefreshCommonViewController.m in Sources */ = {isa = PBXBuildFile; fileRef = 831AE80711FF5254008CB371 /* RefreshCommonViewController.m */; };
		831F532B120BFFB60027A8A4 /* 19-gear.png in Resources */ = {isa = PBXBuildFile; fileRef = 83424B6811ED981300590A7A /* 19-gear.png */; };
		831F5332120BFFC40027A8A4 /* Settings.xib in Resources */ = {isa = PBXBuildFile; fileRef = 831F5331120BFFC40027A8A4 /* Settings.xib */; };
		831F5335120BFFD20027A8A4 /* SettingsViewController.m in Sources */ = {isa = PBXBuildFile; fileRef = 831F5334120BFFD20027A8A4 /* SettingsViewController.m */; };
		831F5357120C03380027A8A4 /* all.png in Resources */ = {isa = PBXBuildFile; fileRef = 831F5345120C03380027A8A4 /* all.png */; };
		831F535D120C03380027A8A4 /* enterprise-architecture-and-integration.png in Resources */ = {isa = PBXBuildFile; fileRef = 831F534B120C03380027A8A4 /* enterprise-architecture-and-integration.png */; };
		833A524411F840AD00E070D2 /* style.css in Resources */ = {isa = PBXBuildFile; fileRef = 833A524311F840AD00E070D2 /* style.css */; };
		834243EB11E74CAD00B438A8 /* Icon.png in Resources */ = {isa = PBXBuildFile; fileRef = 834243EA11E74CAD00B438A8 /* Icon.png */; };
		83424B2211ED882F00590A7A /* Overview.xib in Resources */ = {isa = PBXBuildFile; fileRef = 83424B2111ED882F00590A7A /* Overview.xib */; };
		83424B2E11ED88E700590A7A /* OverviewViewController.m in Sources */ = {isa = PBXBuildFile; fileRef = 83424B2D11ED88E700590A7A /* OverviewViewController.m */; };
		83424E9011EDB68000590A7A /* NowAndNextViewController.m in Sources */ = {isa = PBXBuildFile; fileRef = 83424E8F11EDB68000590A7A /* NowAndNextViewController.m */; };
		83424E9211EDB68D00590A7A /* NowAndNext.xib in Resources */ = {isa = PBXBuildFile; fileRef = 83424E9111EDB68D00590A7A /* NowAndNext.xib */; };
		83424EBC11EDB79400590A7A /* MyProgrammeViewController.m in Sources */ = {isa = PBXBuildFile; fileRef = 83424EBB11EDB79400590A7A /* MyProgrammeViewController.m */; };
		83424EC111EDB7E300590A7A /* MyProgramme.xib in Resources */ = {isa = PBXBuildFile; fileRef = 83424EC011EDB7E300590A7A /* MyProgramme.xib */; };
		834964D411F0910A008BB29F /* Update.xib in Resources */ = {isa = PBXBuildFile; fileRef = 834964D311F0910A008BB29F /* Update.xib */; };
		83576C7C120BF478008CC97E /* ClubZone.xib in Resources */ = {isa = PBXBuildFile; fileRef = 83576C7B120BF478008CC97E /* ClubZone.xib */; };
		83576C7F120BF48A008CC97E /* ClubZoneViewController.m in Sources */ = {isa = PBXBuildFile; fileRef = 83576C7E120BF48A008CC97E /* ClubZoneViewController.m */; };
		83576C82120BF54C008CC97E /* 112-group.png in Resources */ = {isa = PBXBuildFile; fileRef = 83424B4E11ED981200590A7A /* 112-group.png */; };
		83713C06120AD6A0000050A7 /* star-checked.png in Resources */ = {isa = PBXBuildFile; fileRef = 83713C03120AD6A0000050A7 /* star-checked.png */; };
		83713C07120AD6A0000050A7 /* star-pressed.png in Resources */ = {isa = PBXBuildFile; fileRef = 83713C04120AD6A0000050A7 /* star-pressed.png */; };
		83713C08120AD6A0000050A7 /* star.png in Resources */ = {isa = PBXBuildFile; fileRef = 83713C05120AD6A0000050A7 /* star.png */; };
		83741769120F3AC700B816A2 /* 74-location.png in Resources */ = {isa = PBXBuildFile; fileRef = 83424B9F11ED981300590A7A /* 74-location.png */; };
		8393654811F34EA700BBE43A /* Default.png in Resources */ = {isa = PBXBuildFile; fileRef = 8393654711F34EA700BBE43A /* Default.png */; };
		8394723C11EB98500075C4C1 /* JavazoneSessionsRetriever.m in Sources */ = {isa = PBXBuildFile; fileRef = 8394723B11EB98500075C4C1 /* JavazoneSessionsRetriever.m */; };
		8394726611EB98B10075C4C1 /* NSObject+SBJSON.m in Sources */ = {isa = PBXBuildFile; fileRef = 8394725B11EB98B10075C4C1 /* NSObject+SBJSON.m */; };
		8394726711EB98B10075C4C1 /* NSString+SBJSON.m in Sources */ = {isa = PBXBuildFile; fileRef = 8394725D11EB98B10075C4C1 /* NSString+SBJSON.m */; };
		8394726811EB98B10075C4C1 /* SBJSON.m in Sources */ = {isa = PBXBuildFile; fileRef = 8394725F11EB98B10075C4C1 /* SBJSON.m */; };
		8394726911EB98B10075C4C1 /* SBJsonBase.m in Sources */ = {isa = PBXBuildFile; fileRef = 8394726111EB98B10075C4C1 /* SBJsonBase.m */; };
		8394726A11EB98B10075C4C1 /* SBJsonParser.m in Sources */ = {isa = PBXBuildFile; fileRef = 8394726311EB98B10075C4C1 /* SBJsonParser.m */; };
		8394726B11EB98B10075C4C1 /* SBJsonWriter.m in Sources */ = {isa = PBXBuildFile; fileRef = 8394726511EB98B10075C4C1 /* SBJsonWriter.m */; };
		83C3C17C120FD8FA00B23253 /* 74-location-active.png in Resources */ = {isa = PBXBuildFile; fileRef = 83C3C17B120FD8FA00B23253 /* 74-location-active.png */; };
		83C3C1D5120FDC6500B23253 /* QuartzCore.framework in Frameworks */ = {isa = PBXBuildFile; fileRef = 83C3C1D4120FDC6500B23253 /* QuartzCore.framework */; };
		83D1762511F18C3300D89884 /* SessionCommonViewController.m in Sources */ = {isa = PBXBuildFile; fileRef = 83D1762411F18C3300D89884 /* SessionCommonViewController.m */; };
		83D6BCF911EEF3A100FBC0FE /* SectionInitializer.m in Sources */ = {isa = PBXBuildFile; fileRef = 83D6BCF811EEF3A100FBC0FE /* SectionInitializer.m */; };
		83D6BDC211EF051700FBC0FE /* SectionSessionHandler.m in Sources */ = {isa = PBXBuildFile; fileRef = 83D6BDC111EF051700FBC0FE /* SectionSessionHandler.m */; };
		83D6BFEF11EF3A7B00FBC0FE /* JZLabel.m in Sources */ = {isa = PBXBuildFile; fileRef = 83D6BFE611EF3A7B00FBC0FE /* JZLabel.m */; };
		83D6BFF011EF3A7B00FBC0FE /* JZSession.m in Sources */ = {isa = PBXBuildFile; fileRef = 83D6BFE811EF3A7B00FBC0FE /* JZSession.m */; };
		83D6BFF111EF3A7B00FBC0FE /* Section.m in Sources */ = {isa = PBXBuildFile; fileRef = 83D6BFEA11EF3A7B00FBC0FE /* Section.m */; };
		83D6BFF211EF3A7B00FBC0FE /* JZSessionBio.m in Sources */ = {isa = PBXBuildFile; fileRef = 83D6BFEC11EF3A7B00FBC0FE /* JZSessionBio.m */; };
		83D6BFF311EF3A7B00FBC0FE /* UserSession.m in Sources */ = {isa = PBXBuildFile; fileRef = 83D6BFEE11EF3A7B00FBC0FE /* UserSession.m */; };
		83D6C07211EF922500FBC0FE /* DetailedSessionView.xib in Resources */ = {isa = PBXBuildFile; fileRef = 83D6C06F11EF922500FBC0FE /* DetailedSessionView.xib */; };
		83D6C07311EF922500FBC0FE /* DetailedSessionViewController.m in Sources */ = {isa = PBXBuildFile; fileRef = 83D6C07111EF922500FBC0FE /* DetailedSessionViewController.m */; };
/* End PBXBuildFile section */

/* Begin PBXFileReference section */
		1D30AB110D05D00D00671497 /* Foundation.framework */ = {isa = PBXFileReference; lastKnownFileType = wrapper.framework; name = Foundation.framework; path = System/Library/Frameworks/Foundation.framework; sourceTree = SDKROOT; };
		1D3623240D0F684500981E51 /* IncogitoAppDelegate.h */ = {isa = PBXFileReference; fileEncoding = 4; lastKnownFileType = sourcecode.c.h; path = IncogitoAppDelegate.h; sourceTree = "<group>"; };
		1D3623250D0F684500981E51 /* IncogitoAppDelegate.m */ = {isa = PBXFileReference; fileEncoding = 4; lastKnownFileType = sourcecode.c.objc; path = IncogitoAppDelegate.m; sourceTree = "<group>"; };
		1D6058910D05DD3D006BFB54 /* JavaZone.app */ = {isa = PBXFileReference; explicitFileType = wrapper.application; includeInIndex = 0; path = JavaZone.app; sourceTree = BUILT_PRODUCTS_DIR; };
		1DF5F4DF0D08C38300B7A737 /* UIKit.framework */ = {isa = PBXFileReference; lastKnownFileType = wrapper.framework; name = UIKit.framework; path = System/Library/Frameworks/UIKit.framework; sourceTree = SDKROOT; };
		288765A40DF7441C002DB57D /* CoreGraphics.framework */ = {isa = PBXFileReference; lastKnownFileType = wrapper.framework; name = CoreGraphics.framework; path = System/Library/Frameworks/CoreGraphics.framework; sourceTree = SDKROOT; };
		28AD733E0D9D9553002E5188 /* MainWindow.xib */ = {isa = PBXFileReference; lastKnownFileType = file.xib; path = MainWindow.xib; sourceTree = "<group>"; };
		28C3AD890F43EF2300507BA6 /* incogito.xcdatamodel */ = {isa = PBXFileReference; fileEncoding = 4; lastKnownFileType = wrapper.xcdatamodel; path = incogito.xcdatamodel; sourceTree = "<group>"; };
		28D801B30F44B63D00FB423F /* CoreData.framework */ = {isa = PBXFileReference; lastKnownFileType = wrapper.framework; name = CoreData.framework; path = System/Library/Frameworks/CoreData.framework; sourceTree = SDKROOT; };
		29B97316FDCFA39411CA2CEA /* main.m */ = {isa = PBXFileReference; fileEncoding = 4; lastKnownFileType = sourcecode.c.objc; path = main.m; sourceTree = "<group>"; };
		32CA4F630368D1EE00C91783 /* incogito_Prefix.pch */ = {isa = PBXFileReference; fileEncoding = 4; lastKnownFileType = sourcecode.c.h; path = incogito_Prefix.pch; sourceTree = "<group>"; };
		830859C8120F2FF300F74041 /* ClubzoneMapAnnotation.h */ = {isa = PBXFileReference; fileEncoding = 4; lastKnownFileType = sourcecode.c.h; path = ClubzoneMapAnnotation.h; sourceTree = "<group>"; };
		830859C9120F2FF300F74041 /* ClubzoneMapAnnotation.m */ = {isa = PBXFileReference; fileEncoding = 4; lastKnownFileType = sourcecode.c.objc; path = ClubzoneMapAnnotation.m; sourceTree = "<group>"; };
		830859CA120F2FF300F74041 /* MapViewController.h */ = {isa = PBXFileReference; fileEncoding = 4; lastKnownFileType = sourcecode.c.h; path = MapViewController.h; sourceTree = "<group>"; };
		830859CB120F2FF300F74041 /* MapViewController.m */ = {isa = PBXFileReference; fileEncoding = 4; lastKnownFileType = sourcecode.c.objc; path = MapViewController.m; sourceTree = "<group>"; };
		830859CF120F300A00F74041 /* Map.xib */ = {isa = PBXFileReference; lastKnownFileType = file.xib; path = Map.xib; sourceTree = "<group>"; };
		830859E1120F30DE00F74041 /* MapKit.framework */ = {isa = PBXFileReference; lastKnownFileType = wrapper.framework; name = MapKit.framework; path = System/Library/Frameworks/MapKit.framework; sourceTree = SDKROOT; };
		830B12B511EDCA66004A9B25 /* Advanced.png */ = {isa = PBXFileReference; lastKnownFileType = image.png; path = Advanced.png; sourceTree = "<group>"; };
		830B12B611EDCA66004A9B25 /* Intermediate.png */ = {isa = PBXFileReference; lastKnownFileType = image.png; path = Intermediate.png; sourceTree = "<group>"; };
		830B12B711EDCA66004A9B25 /* Introductory.png */ = {isa = PBXFileReference; lastKnownFileType = image.png; path = Introductory.png; sourceTree = "<group>"; };
		831AE80611FF5254008CB371 /* RefreshCommonViewController.h */ = {isa = PBXFileReference; fileEncoding = 4; lastKnownFileType = sourcecode.c.h; path = RefreshCommonViewController.h; sourceTree = "<group>"; };
		831AE80711FF5254008CB371 /* RefreshCommonViewController.m */ = {isa = PBXFileReference; fileEncoding = 4; lastKnownFileType = sourcecode.c.objc; path = RefreshCommonViewController.m; sourceTree = "<group>"; };
		831F5331120BFFC40027A8A4 /* Settings.xib */ = {isa = PBXFileReference; lastKnownFileType = file.xib; path = Settings.xib; sourceTree = "<group>"; };
		831F5333120BFFD20027A8A4 /* SettingsViewController.h */ = {isa = PBXFileReference; fileEncoding = 4; lastKnownFileType = sourcecode.c.h; path = SettingsViewController.h; sourceTree = "<group>"; };
		831F5334120BFFD20027A8A4 /* SettingsViewController.m */ = {isa = PBXFileReference; fileEncoding = 4; lastKnownFileType = sourcecode.c.objc; path = SettingsViewController.m; sourceTree = "<group>"; };
		831F5345120C03380027A8A4 /* all.png */ = {isa = PBXFileReference; lastKnownFileType = image.png; path = all.png; sourceTree = "<group>"; };
		831F534B120C03380027A8A4 /* enterprise-architecture-and-integration.png */ = {isa = PBXFileReference; lastKnownFileType = image.png; path = "enterprise-architecture-and-integration.png"; sourceTree = "<group>"; };
		833A524311F840AD00E070D2 /* style.css */ = {isa = PBXFileReference; fileEncoding = 4; lastKnownFileType = text.css; path = style.css; sourceTree = "<group>"; };
		834243EA11E74CAD00B438A8 /* Icon.png */ = {isa = PBXFileReference; lastKnownFileType = image.png; path = Icon.png; sourceTree = "<group>"; };
		83424B2111ED882F00590A7A /* Overview.xib */ = {isa = PBXFileReference; lastKnownFileType = file.xib; path = Overview.xib; sourceTree = "<group>"; };
		83424B2C11ED88E700590A7A /* OverviewViewController.h */ = {isa = PBXFileReference; fileEncoding = 4; lastKnownFileType = sourcecode.c.h; path = OverviewViewController.h; sourceTree = "<group>"; };
		83424B2D11ED88E700590A7A /* OverviewViewController.m */ = {isa = PBXFileReference; fileEncoding = 4; lastKnownFileType = sourcecode.c.objc; path = OverviewViewController.m; sourceTree = "<group>"; };
		83424B3711ED981200590A7A /* 01-refresh.png */ = {isa = PBXFileReference; lastKnownFileType = image.png; path = "01-refresh.png"; sourceTree = "<group>"; };
		83424B3811ED981200590A7A /* 02-redo.png */ = {isa = PBXFileReference; lastKnownFileType = image.png; path = "02-redo.png"; sourceTree = "<group>"; };
		83424B3911ED981200590A7A /* 03-loopback.png */ = {isa = PBXFileReference; lastKnownFileType = image.png; path = "03-loopback.png"; sourceTree = "<group>"; };
		83424B3A11ED981200590A7A /* 04-squiggle.png */ = {isa = PBXFileReference; lastKnownFileType = image.png; path = "04-squiggle.png"; sourceTree = "<group>"; };
		83424B3B11ED981200590A7A /* 05-shuffle.png */ = {isa = PBXFileReference; lastKnownFileType = image.png; path = "05-shuffle.png"; sourceTree = "<group>"; };
		83424B3C11ED981200590A7A /* 06-magnifying-glass.png */ = {isa = PBXFileReference; lastKnownFileType = image.png; path = "06-magnifying-glass.png"; sourceTree = "<group>"; };
		83424B3D11ED981200590A7A /* 07-map-marker.png */ = {isa = PBXFileReference; lastKnownFileType = image.png; path = "07-map-marker.png"; sourceTree = "<group>"; };
		83424B3E11ED981200590A7A /* 08-chat.png */ = {isa = PBXFileReference; lastKnownFileType = image.png; path = "08-chat.png"; sourceTree = "<group>"; };
		83424B3F11ED981200590A7A /* 09-chat2.png */ = {isa = PBXFileReference; lastKnownFileType = image.png; path = "09-chat2.png"; sourceTree = "<group>"; };
		83424B4011ED981200590A7A /* 10-medical.png */ = {isa = PBXFileReference; lastKnownFileType = image.png; path = "10-medical.png"; sourceTree = "<group>"; };
		83424B4111ED981200590A7A /* 100-coffee.png */ = {isa = PBXFileReference; lastKnownFileType = image.png; path = "100-coffee.png"; sourceTree = "<group>"; };
		83424B4211ED981200590A7A /* 101-gameplan.png */ = {isa = PBXFileReference; lastKnownFileType = image.png; path = "101-gameplan.png"; sourceTree = "<group>"; };
		83424B4311ED981200590A7A /* 102-walk.png */ = {isa = PBXFileReference; lastKnownFileType = image.png; path = "102-walk.png"; sourceTree = "<group>"; };
		83424B4411ED981200590A7A /* 103-map.png */ = {isa = PBXFileReference; lastKnownFileType = image.png; path = "103-map.png"; sourceTree = "<group>"; };
		83424B4511ED981200590A7A /* 104-index-cards.png */ = {isa = PBXFileReference; lastKnownFileType = image.png; path = "104-index-cards.png"; sourceTree = "<group>"; };
		83424B4611ED981200590A7A /* 105-piano.png */ = {isa = PBXFileReference; lastKnownFileType = image.png; path = "105-piano.png"; sourceTree = "<group>"; };
		83424B4711ED981200590A7A /* 106-sliders.png */ = {isa = PBXFileReference; lastKnownFileType = image.png; path = "106-sliders.png"; sourceTree = "<group>"; };
		83424B4811ED981200590A7A /* 107-widescreen.png */ = {isa = PBXFileReference; lastKnownFileType = image.png; path = "107-widescreen.png"; sourceTree = "<group>"; };
		83424B4911ED981200590A7A /* 108-badge.png */ = {isa = PBXFileReference; lastKnownFileType = image.png; path = "108-badge.png"; sourceTree = "<group>"; };
		83424B4A11ED981200590A7A /* 109-chicken.png */ = {isa = PBXFileReference; lastKnownFileType = image.png; path = "109-chicken.png"; sourceTree = "<group>"; };
		83424B4B11ED981200590A7A /* 11-clock.png */ = {isa = PBXFileReference; lastKnownFileType = image.png; path = "11-clock.png"; sourceTree = "<group>"; };
		83424B4C11ED981200590A7A /* 110-bug.png */ = {isa = PBXFileReference; lastKnownFileType = image.png; path = "110-bug.png"; sourceTree = "<group>"; };
		83424B4D11ED981200590A7A /* 111-user.png */ = {isa = PBXFileReference; lastKnownFileType = image.png; path = "111-user.png"; sourceTree = "<group>"; };
		83424B4E11ED981200590A7A /* 112-group.png */ = {isa = PBXFileReference; lastKnownFileType = image.png; path = "112-group.png"; sourceTree = "<group>"; };
		83424B4F11ED981200590A7A /* 113-navigation.png */ = {isa = PBXFileReference; lastKnownFileType = image.png; path = "113-navigation.png"; sourceTree = "<group>"; };
		83424B5011ED981200590A7A /* 114-balloon.png */ = {isa = PBXFileReference; lastKnownFileType = image.png; path = "114-balloon.png"; sourceTree = "<group>"; };
		83424B5111ED981200590A7A /* 115-bow-and-arrow.png */ = {isa = PBXFileReference; lastKnownFileType = image.png; path = "115-bow-and-arrow.png"; sourceTree = "<group>"; };
		83424B5211ED981200590A7A /* 116-controller.png */ = {isa = PBXFileReference; lastKnownFileType = image.png; path = "116-controller.png"; sourceTree = "<group>"; };
		83424B5311ED981200590A7A /* 117-todo.png */ = {isa = PBXFileReference; lastKnownFileType = image.png; path = "117-todo.png"; sourceTree = "<group>"; };
		83424B5411ED981200590A7A /* 118-coathanger.png */ = {isa = PBXFileReference; lastKnownFileType = image.png; path = "118-coathanger.png"; sourceTree = "<group>"; };
		83424B5511ED981200590A7A /* 119-piggybank.png */ = {isa = PBXFileReference; lastKnownFileType = image.png; path = "119-piggybank.png"; sourceTree = "<group>"; };
		83424B5611ED981200590A7A /* 12-eye.png */ = {isa = PBXFileReference; lastKnownFileType = image.png; path = "12-eye.png"; sourceTree = "<group>"; };
		83424B5711ED981200590A7A /* 120-headphones.png */ = {isa = PBXFileReference; lastKnownFileType = image.png; path = "120-headphones.png"; sourceTree = "<group>"; };
		83424B5811ED981200590A7A /* 121-lanscape.png */ = {isa = PBXFileReference; lastKnownFileType = image.png; path = "121-lanscape.png"; sourceTree = "<group>"; };
		83424B5911ED981300590A7A /* 122-stats.png */ = {isa = PBXFileReference; lastKnownFileType = image.png; path = "122-stats.png"; sourceTree = "<group>"; };
		83424B5A11ED981300590A7A /* 123-id-card.png */ = {isa = PBXFileReference; lastKnownFileType = image.png; path = "123-id-card.png"; sourceTree = "<group>"; };
		83424B5B11ED981300590A7A /* 124-bullhorn.png */ = {isa = PBXFileReference; lastKnownFileType = image.png; path = "124-bullhorn.png"; sourceTree = "<group>"; };
		83424B5C11ED981300590A7A /* 125-food.png */ = {isa = PBXFileReference; lastKnownFileType = image.png; path = "125-food.png"; sourceTree = "<group>"; };
		83424B5D11ED981300590A7A /* 126-moon.png */ = {isa = PBXFileReference; lastKnownFileType = image.png; path = "126-moon.png"; sourceTree = "<group>"; };
		83424B5E11ED981300590A7A /* 127-sock.png */ = {isa = PBXFileReference; lastKnownFileType = image.png; path = "127-sock.png"; sourceTree = "<group>"; };
		83424B5F11ED981300590A7A /* 128-bone.png */ = {isa = PBXFileReference; lastKnownFileType = image.png; path = "128-bone.png"; sourceTree = "<group>"; };
		83424B6011ED981300590A7A /* 129-golf.png */ = {isa = PBXFileReference; lastKnownFileType = image.png; path = "129-golf.png"; sourceTree = "<group>"; };
		83424B6111ED981300590A7A /* 13-target.png */ = {isa = PBXFileReference; lastKnownFileType = image.png; path = "13-target.png"; sourceTree = "<group>"; };
		83424B6211ED981300590A7A /* 130-dice.png */ = {isa = PBXFileReference; lastKnownFileType = image.png; path = "130-dice.png"; sourceTree = "<group>"; };
		83424B6311ED981300590A7A /* 14-tag.png */ = {isa = PBXFileReference; lastKnownFileType = image.png; path = "14-tag.png"; sourceTree = "<group>"; };
		83424B6411ED981300590A7A /* 15-tags.png */ = {isa = PBXFileReference; lastKnownFileType = image.png; path = "15-tags.png"; sourceTree = "<group>"; };
		83424B6511ED981300590A7A /* 16-line-chart.png */ = {isa = PBXFileReference; lastKnownFileType = image.png; path = "16-line-chart.png"; sourceTree = "<group>"; };
		83424B6611ED981300590A7A /* 17-bar-chart.png */ = {isa = PBXFileReference; lastKnownFileType = image.png; path = "17-bar-chart.png"; sourceTree = "<group>"; };
		83424B6711ED981300590A7A /* 18-envelope.png */ = {isa = PBXFileReference; lastKnownFileType = image.png; path = "18-envelope.png"; sourceTree = "<group>"; };
		83424B6811ED981300590A7A /* 19-gear.png */ = {isa = PBXFileReference; lastKnownFileType = image.png; path = "19-gear.png"; sourceTree = "<group>"; };
		83424B6911ED981300590A7A /* 20-gear2.png */ = {isa = PBXFileReference; lastKnownFileType = image.png; path = "20-gear2.png"; sourceTree = "<group>"; };
		83424B6A11ED981300590A7A /* 21-skull.png */ = {isa = PBXFileReference; lastKnownFileType = image.png; path = "21-skull.png"; sourceTree = "<group>"; };
		83424B6B11ED981300590A7A /* 22-skull-n-crossbones.png */ = {isa = PBXFileReference; lastKnownFileType = image.png; path = "22-skull-n-crossbones.png"; sourceTree = "<group>"; };
		83424B6C11ED981300590A7A /* 23-bird.png */ = {isa = PBXFileReference; lastKnownFileType = image.png; path = "23-bird.png"; sourceTree = "<group>"; };
		83424B6D11ED981300590A7A /* 24-gift.png */ = {isa = PBXFileReference; lastKnownFileType = image.png; path = "24-gift.png"; sourceTree = "<group>"; };
		83424B6E11ED981300590A7A /* 25-weather.png */ = {isa = PBXFileReference; lastKnownFileType = image.png; path = "25-weather.png"; sourceTree = "<group>"; };
		83424B6F11ED981300590A7A /* 26-bandaid.png */ = {isa = PBXFileReference; lastKnownFileType = image.png; path = "26-bandaid.png"; sourceTree = "<group>"; };
		83424B7011ED981300590A7A /* 27-planet.png */ = {isa = PBXFileReference; lastKnownFileType = image.png; path = "27-planet.png"; sourceTree = "<group>"; };
		83424B7111ED981300590A7A /* 28-star.png */ = {isa = PBXFileReference; lastKnownFileType = image.png; path = "28-star.png"; sourceTree = "<group>"; };
		83424B7211ED981300590A7A /* 29-heart.png */ = {isa = PBXFileReference; lastKnownFileType = image.png; path = "29-heart.png"; sourceTree = "<group>"; };
		83424B7311ED981300590A7A /* 30-key.png */ = {isa = PBXFileReference; lastKnownFileType = image.png; path = "30-key.png"; sourceTree = "<group>"; };
		83424B7411ED981300590A7A /* 31-ipod.png */ = {isa = PBXFileReference; lastKnownFileType = image.png; path = "31-ipod.png"; sourceTree = "<group>"; };
		83424B7511ED981300590A7A /* 32-iphone.png */ = {isa = PBXFileReference; lastKnownFileType = image.png; path = "32-iphone.png"; sourceTree = "<group>"; };
		83424B7611ED981300590A7A /* 33-cabinet.png */ = {isa = PBXFileReference; lastKnownFileType = image.png; path = "33-cabinet.png"; sourceTree = "<group>"; };
		83424B7711ED981300590A7A /* 34-coffee.png */ = {isa = PBXFileReference; lastKnownFileType = image.png; path = "34-coffee.png"; sourceTree = "<group>"; };
		83424B7811ED981300590A7A /* 35-shopping-bag.png */ = {isa = PBXFileReference; lastKnownFileType = image.png; path = "35-shopping-bag.png"; sourceTree = "<group>"; };
		83424B7911ED981300590A7A /* 36-toolbox.png */ = {isa = PBXFileReference; lastKnownFileType = image.png; path = "36-toolbox.png"; sourceTree = "<group>"; };
		83424B7A11ED981300590A7A /* 37-suitcase.png */ = {isa = PBXFileReference; lastKnownFileType = image.png; path = "37-suitcase.png"; sourceTree = "<group>"; };
		83424B7B11ED981300590A7A /* 38-airplane.png */ = {isa = PBXFileReference; lastKnownFileType = image.png; path = "38-airplane.png"; sourceTree = "<group>"; };
		83424B7C11ED981300590A7A /* 39-spraycan.png */ = {isa = PBXFileReference; lastKnownFileType = image.png; path = "39-spraycan.png"; sourceTree = "<group>"; };
		83424B7D11ED981300590A7A /* 40-inbox.png */ = {isa = PBXFileReference; lastKnownFileType = image.png; path = "40-inbox.png"; sourceTree = "<group>"; };
		83424B7E11ED981300590A7A /* 41-picture-frame.png */ = {isa = PBXFileReference; lastKnownFileType = image.png; path = "41-picture-frame.png"; sourceTree = "<group>"; };
		83424B7F11ED981300590A7A /* 42-photos.png */ = {isa = PBXFileReference; lastKnownFileType = image.png; path = "42-photos.png"; sourceTree = "<group>"; };
		83424B8011ED981300590A7A /* 43-film-roll.png */ = {isa = PBXFileReference; lastKnownFileType = image.png; path = "43-film-roll.png"; sourceTree = "<group>"; };
		83424B8111ED981300590A7A /* 44-shoebox.png */ = {isa = PBXFileReference; lastKnownFileType = image.png; path = "44-shoebox.png"; sourceTree = "<group>"; };
		83424B8211ED981300590A7A /* 45-movie1.png */ = {isa = PBXFileReference; lastKnownFileType = image.png; path = "45-movie1.png"; sourceTree = "<group>"; };
		83424B8311ED981300590A7A /* 46-movie2.png */ = {isa = PBXFileReference; lastKnownFileType = image.png; path = "46-movie2.png"; sourceTree = "<group>"; };
		83424B8411ED981300590A7A /* 47-fuel.png */ = {isa = PBXFileReference; lastKnownFileType = image.png; path = "47-fuel.png"; sourceTree = "<group>"; };
		83424B8511ED981300590A7A /* 48-fork-and-knife.png */ = {isa = PBXFileReference; lastKnownFileType = image.png; path = "48-fork-and-knife.png"; sourceTree = "<group>"; };
		83424B8611ED981300590A7A /* 49-battery.png */ = {isa = PBXFileReference; lastKnownFileType = image.png; path = "49-battery.png"; sourceTree = "<group>"; };
		83424B8711ED981300590A7A /* 50-beaker.png */ = {isa = PBXFileReference; lastKnownFileType = image.png; path = "50-beaker.png"; sourceTree = "<group>"; };
		83424B8811ED981300590A7A /* 51-outlet.png */ = {isa = PBXFileReference; lastKnownFileType = image.png; path = "51-outlet.png"; sourceTree = "<group>"; };
		83424B8911ED981300590A7A /* 52-pinetree.png */ = {isa = PBXFileReference; lastKnownFileType = image.png; path = "52-pinetree.png"; sourceTree = "<group>"; };
		83424B8A11ED981300590A7A /* 53-house.png */ = {isa = PBXFileReference; lastKnownFileType = image.png; path = "53-house.png"; sourceTree = "<group>"; };
		83424B8B11ED981300590A7A /* 54-lock.png */ = {isa = PBXFileReference; lastKnownFileType = image.png; path = "54-lock.png"; sourceTree = "<group>"; };
		83424B8C11ED981300590A7A /* 55-network.png */ = {isa = PBXFileReference; lastKnownFileType = image.png; path = "55-network.png"; sourceTree = "<group>"; };
		83424B8D11ED981300590A7A /* 56-cloud.png */ = {isa = PBXFileReference; lastKnownFileType = image.png; path = "56-cloud.png"; sourceTree = "<group>"; };
		83424B8E11ED981300590A7A /* 57-download.png */ = {isa = PBXFileReference; lastKnownFileType = image.png; path = "57-download.png"; sourceTree = "<group>"; };
		83424B8F11ED981300590A7A /* 58-bookmark.png */ = {isa = PBXFileReference; lastKnownFileType = image.png; path = "58-bookmark.png"; sourceTree = "<group>"; };
		83424B9011ED981300590A7A /* 59-flag.png */ = {isa = PBXFileReference; lastKnownFileType = image.png; path = "59-flag.png"; sourceTree = "<group>"; };
		83424B9111ED981300590A7A /* 60-signpost.png */ = {isa = PBXFileReference; lastKnownFileType = image.png; path = "60-signpost.png"; sourceTree = "<group>"; };
		83424B9211ED981300590A7A /* 61-brightness.png */ = {isa = PBXFileReference; lastKnownFileType = image.png; path = "61-brightness.png"; sourceTree = "<group>"; };
		83424B9311ED981300590A7A /* 62-contrast.png */ = {isa = PBXFileReference; lastKnownFileType = image.png; path = "62-contrast.png"; sourceTree = "<group>"; };
		83424B9411ED981300590A7A /* 63-runner.png */ = {isa = PBXFileReference; lastKnownFileType = image.png; path = "63-runner.png"; sourceTree = "<group>"; };
		83424B9511ED981300590A7A /* 64-zap.png */ = {isa = PBXFileReference; lastKnownFileType = image.png; path = "64-zap.png"; sourceTree = "<group>"; };
		83424B9611ED981300590A7A /* 65-note.png */ = {isa = PBXFileReference; lastKnownFileType = image.png; path = "65-note.png"; sourceTree = "<group>"; };
		83424B9711ED981300590A7A /* 66-microphone.png */ = {isa = PBXFileReference; lastKnownFileType = image.png; path = "66-microphone.png"; sourceTree = "<group>"; };
		83424B9811ED981300590A7A /* 67-tshirt.png */ = {isa = PBXFileReference; lastKnownFileType = image.png; path = "67-tshirt.png"; sourceTree = "<group>"; };
		83424B9911ED981300590A7A /* 68-paperclip.png */ = {isa = PBXFileReference; lastKnownFileType = image.png; path = "68-paperclip.png"; sourceTree = "<group>"; };
		83424B9A11ED981300590A7A /* 69-display.png */ = {isa = PBXFileReference; lastKnownFileType = image.png; path = "69-display.png"; sourceTree = "<group>"; };
		83424B9B11ED981300590A7A /* 70-tv.png */ = {isa = PBXFileReference; lastKnownFileType = image.png; path = "70-tv.png"; sourceTree = "<group>"; };
		83424B9C11ED981300590A7A /* 71-compass.png */ = {isa = PBXFileReference; lastKnownFileType = image.png; path = "71-compass.png"; sourceTree = "<group>"; };
		83424B9D11ED981300590A7A /* 72-pin.png */ = {isa = PBXFileReference; lastKnownFileType = image.png; path = "72-pin.png"; sourceTree = "<group>"; };
		83424B9E11ED981300590A7A /* 73-radar.png */ = {isa = PBXFileReference; lastKnownFileType = image.png; path = "73-radar.png"; sourceTree = "<group>"; };
		83424B9F11ED981300590A7A /* 74-location.png */ = {isa = PBXFileReference; lastKnownFileType = image.png; path = "74-location.png"; sourceTree = "<group>"; };
		83424BA011ED981300590A7A /* 75-phone.png */ = {isa = PBXFileReference; lastKnownFileType = image.png; path = "75-phone.png"; sourceTree = "<group>"; };
		83424BA111ED981300590A7A /* 76-baby.png */ = {isa = PBXFileReference; lastKnownFileType = image.png; path = "76-baby.png"; sourceTree = "<group>"; };
		83424BA211ED981300590A7A /* 77-ekg.png */ = {isa = PBXFileReference; lastKnownFileType = image.png; path = "77-ekg.png"; sourceTree = "<group>"; };
		83424BA311ED981300590A7A /* 78-stopwatch.png */ = {isa = PBXFileReference; lastKnownFileType = image.png; path = "78-stopwatch.png"; sourceTree = "<group>"; };
		83424BA411ED981300590A7A /* 79-medical-bag.png */ = {isa = PBXFileReference; lastKnownFileType = image.png; path = "79-medical-bag.png"; sourceTree = "<group>"; };
		83424BA511ED981300590A7A /* 80-shopping-cart.png */ = {isa = PBXFileReference; lastKnownFileType = image.png; path = "80-shopping-cart.png"; sourceTree = "<group>"; };
		83424BA611ED981300590A7A /* 81-dashboard.png */ = {isa = PBXFileReference; lastKnownFileType = image.png; path = "81-dashboard.png"; sourceTree = "<group>"; };
		83424BA711ED981300590A7A /* 82-dogpaw.png */ = {isa = PBXFileReference; lastKnownFileType = image.png; path = "82-dogpaw.png"; sourceTree = "<group>"; };
		83424BA811ED981300590A7A /* 83-calendar.png */ = {isa = PBXFileReference; lastKnownFileType = image.png; path = "83-calendar.png"; sourceTree = "<group>"; };
		83424BA911ED981300590A7A /* 84-lightbulb.png */ = {isa = PBXFileReference; lastKnownFileType = image.png; path = "84-lightbulb.png"; sourceTree = "<group>"; };
		83424BAA11ED981300590A7A /* 85-trophy.png */ = {isa = PBXFileReference; lastKnownFileType = image.png; path = "85-trophy.png"; sourceTree = "<group>"; };
		83424BAB11ED981300590A7A /* 86-camera.png */ = {isa = PBXFileReference; lastKnownFileType = image.png; path = "86-camera.png"; sourceTree = "<group>"; };
		83424BAC11ED981300590A7A /* 87-wineglass.png */ = {isa = PBXFileReference; lastKnownFileType = image.png; path = "87-wineglass.png"; sourceTree = "<group>"; };
		83424BAD11ED981300590A7A /* 88-beermug.png */ = {isa = PBXFileReference; lastKnownFileType = image.png; path = "88-beermug.png"; sourceTree = "<group>"; };
		83424BAE11ED981300590A7A /* 89-dumbbell.png */ = {isa = PBXFileReference; lastKnownFileType = image.png; path = "89-dumbbell.png"; sourceTree = "<group>"; };
		83424BAF11ED981300590A7A /* 90-lifebuoy.png */ = {isa = PBXFileReference; lastKnownFileType = image.png; path = "90-lifebuoy.png"; sourceTree = "<group>"; };
		83424BB011ED981300590A7A /* 91-beaker2.png */ = {isa = PBXFileReference; lastKnownFileType = image.png; path = "91-beaker2.png"; sourceTree = "<group>"; };
		83424BB111ED981300590A7A /* 92-testtube.png */ = {isa = PBXFileReference; lastKnownFileType = image.png; path = "92-testtube.png"; sourceTree = "<group>"; };
		83424BB211ED981300590A7A /* 93-thermometer.png */ = {isa = PBXFileReference; lastKnownFileType = image.png; path = "93-thermometer.png"; sourceTree = "<group>"; };
		83424BB311ED981300590A7A /* 94-pill.png */ = {isa = PBXFileReference; lastKnownFileType = image.png; path = "94-pill.png"; sourceTree = "<group>"; };
		83424BB411ED981300590A7A /* 95-equalizer.png */ = {isa = PBXFileReference; lastKnownFileType = image.png; path = "95-equalizer.png"; sourceTree = "<group>"; };
		83424BB511ED981300590A7A /* 96-book.png */ = {isa = PBXFileReference; lastKnownFileType = image.png; path = "96-book.png"; sourceTree = "<group>"; };
		83424BB611ED981300590A7A /* 97-puzzle.png */ = {isa = PBXFileReference; lastKnownFileType = image.png; path = "97-puzzle.png"; sourceTree = "<group>"; };
		83424BB711ED981300590A7A /* 98-palette.png */ = {isa = PBXFileReference; lastKnownFileType = image.png; path = "98-palette.png"; sourceTree = "<group>"; };
		83424BB811ED981300590A7A /* 99-umbrella.png */ = {isa = PBXFileReference; lastKnownFileType = image.png; path = "99-umbrella.png"; sourceTree = "<group>"; };
		83424E8E11EDB68000590A7A /* NowAndNextViewController.h */ = {isa = PBXFileReference; fileEncoding = 4; lastKnownFileType = sourcecode.c.h; path = NowAndNextViewController.h; sourceTree = "<group>"; };
		83424E8F11EDB68000590A7A /* NowAndNextViewController.m */ = {isa = PBXFileReference; fileEncoding = 4; lastKnownFileType = sourcecode.c.objc; path = NowAndNextViewController.m; sourceTree = "<group>"; };
		83424E9111EDB68D00590A7A /* NowAndNext.xib */ = {isa = PBXFileReference; lastKnownFileType = file.xib; path = NowAndNext.xib; sourceTree = "<group>"; };
		83424EBA11EDB79400590A7A /* MyProgrammeViewController.h */ = {isa = PBXFileReference; fileEncoding = 4; lastKnownFileType = sourcecode.c.h; path = MyProgrammeViewController.h; sourceTree = "<group>"; };
		83424EBB11EDB79400590A7A /* MyProgrammeViewController.m */ = {isa = PBXFileReference; fileEncoding = 4; lastKnownFileType = sourcecode.c.objc; path = MyProgrammeViewController.m; sourceTree = "<group>"; };
		83424EC011EDB7E300590A7A /* MyProgramme.xib */ = {isa = PBXFileReference; lastKnownFileType = file.xib; path = MyProgramme.xib; sourceTree = "<group>"; };
		834964D311F0910A008BB29F /* Update.xib */ = {isa = PBXFileReference; lastKnownFileType = file.xib; path = Update.xib; sourceTree = "<group>"; };
		83576C7B120BF478008CC97E /* ClubZone.xib */ = {isa = PBXFileReference; lastKnownFileType = file.xib; path = ClubZone.xib; sourceTree = "<group>"; };
		83576C7D120BF48A008CC97E /* ClubZoneViewController.h */ = {isa = PBXFileReference; fileEncoding = 4; lastKnownFileType = sourcecode.c.h; path = ClubZoneViewController.h; sourceTree = "<group>"; };
		83576C7E120BF48A008CC97E /* ClubZoneViewController.m */ = {isa = PBXFileReference; fileEncoding = 4; lastKnownFileType = sourcecode.c.objc; path = ClubZoneViewController.m; sourceTree = "<group>"; };
		83713C03120AD6A0000050A7 /* star-checked.png */ = {isa = PBXFileReference; lastKnownFileType = image.png; path = "star-checked.png"; sourceTree = "<group>"; };
		83713C04120AD6A0000050A7 /* star-pressed.png */ = {isa = PBXFileReference; lastKnownFileType = image.png; path = "star-pressed.png"; sourceTree = "<group>"; };
		83713C05120AD6A0000050A7 /* star.png */ = {isa = PBXFileReference; lastKnownFileType = image.png; path = star.png; sourceTree = "<group>"; };
		8393654711F34EA700BBE43A /* Default.png */ = {isa = PBXFileReference; lastKnownFileType = image.png; path = Default.png; sourceTree = "<group>"; };
		8394723A11EB98500075C4C1 /* JavazoneSessionsRetriever.h */ = {isa = PBXFileReference; fileEncoding = 4; lastKnownFileType = sourcecode.c.h; path = JavazoneSessionsRetriever.h; sourceTree = "<group>"; };
		8394723B11EB98500075C4C1 /* JavazoneSessionsRetriever.m */ = {isa = PBXFileReference; fileEncoding = 4; lastKnownFileType = sourcecode.c.objc; path = JavazoneSessionsRetriever.m; sourceTree = "<group>"; };
		8394725911EB98B10075C4C1 /* JSON.h */ = {isa = PBXFileReference; fileEncoding = 4; lastKnownFileType = sourcecode.c.h; path = JSON.h; sourceTree = "<group>"; };
		8394725A11EB98B10075C4C1 /* NSObject+SBJSON.h */ = {isa = PBXFileReference; fileEncoding = 4; lastKnownFileType = sourcecode.c.h; path = "NSObject+SBJSON.h"; sourceTree = "<group>"; };
		8394725B11EB98B10075C4C1 /* NSObject+SBJSON.m */ = {isa = PBXFileReference; fileEncoding = 4; lastKnownFileType = sourcecode.c.objc; path = "NSObject+SBJSON.m"; sourceTree = "<group>"; };
		8394725C11EB98B10075C4C1 /* NSString+SBJSON.h */ = {isa = PBXFileReference; fileEncoding = 4; lastKnownFileType = sourcecode.c.h; path = "NSString+SBJSON.h"; sourceTree = "<group>"; };
		8394725D11EB98B10075C4C1 /* NSString+SBJSON.m */ = {isa = PBXFileReference; fileEncoding = 4; lastKnownFileType = sourcecode.c.objc; path = "NSString+SBJSON.m"; sourceTree = "<group>"; };
		8394725E11EB98B10075C4C1 /* SBJSON.h */ = {isa = PBXFileReference; fileEncoding = 4; lastKnownFileType = sourcecode.c.h; path = SBJSON.h; sourceTree = "<group>"; };
		8394725F11EB98B10075C4C1 /* SBJSON.m */ = {isa = PBXFileReference; fileEncoding = 4; lastKnownFileType = sourcecode.c.objc; path = SBJSON.m; sourceTree = "<group>"; };
		8394726011EB98B10075C4C1 /* SBJsonBase.h */ = {isa = PBXFileReference; fileEncoding = 4; lastKnownFileType = sourcecode.c.h; path = SBJsonBase.h; sourceTree = "<group>"; };
		8394726111EB98B10075C4C1 /* SBJsonBase.m */ = {isa = PBXFileReference; fileEncoding = 4; lastKnownFileType = sourcecode.c.objc; path = SBJsonBase.m; sourceTree = "<group>"; };
		8394726211EB98B10075C4C1 /* SBJsonParser.h */ = {isa = PBXFileReference; fileEncoding = 4; lastKnownFileType = sourcecode.c.h; path = SBJsonParser.h; sourceTree = "<group>"; };
		8394726311EB98B10075C4C1 /* SBJsonParser.m */ = {isa = PBXFileReference; fileEncoding = 4; lastKnownFileType = sourcecode.c.objc; path = SBJsonParser.m; sourceTree = "<group>"; };
		8394726411EB98B10075C4C1 /* SBJsonWriter.h */ = {isa = PBXFileReference; fileEncoding = 4; lastKnownFileType = sourcecode.c.h; path = SBJsonWriter.h; sourceTree = "<group>"; };
		8394726511EB98B10075C4C1 /* SBJsonWriter.m */ = {isa = PBXFileReference; fileEncoding = 4; lastKnownFileType = sourcecode.c.objc; path = SBJsonWriter.m; sourceTree = "<group>"; };
		83C3C17B120FD8FA00B23253 /* 74-location-active.png */ = {isa = PBXFileReference; lastKnownFileType = image.png; path = "74-location-active.png"; sourceTree = "<group>"; };
		83C3C1D4120FDC6500B23253 /* QuartzCore.framework */ = {isa = PBXFileReference; lastKnownFileType = wrapper.framework; name = QuartzCore.framework; path = System/Library/Frameworks/QuartzCore.framework; sourceTree = SDKROOT; };
		83D1762311F18C3300D89884 /* SessionCommonViewController.h */ = {isa = PBXFileReference; fileEncoding = 4; lastKnownFileType = sourcecode.c.h; path = SessionCommonViewController.h; sourceTree = "<group>"; };
		83D1762411F18C3300D89884 /* SessionCommonViewController.m */ = {isa = PBXFileReference; fileEncoding = 4; lastKnownFileType = sourcecode.c.objc; path = SessionCommonViewController.m; sourceTree = "<group>"; };
		83D6BCF711EEF3A100FBC0FE /* SectionInitializer.h */ = {isa = PBXFileReference; fileEncoding = 4; lastKnownFileType = sourcecode.c.h; path = SectionInitializer.h; sourceTree = "<group>"; };
		83D6BCF811EEF3A100FBC0FE /* SectionInitializer.m */ = {isa = PBXFileReference; fileEncoding = 4; lastKnownFileType = sourcecode.c.objc; path = SectionInitializer.m; sourceTree = "<group>"; };
		83D6BDC011EF051700FBC0FE /* SectionSessionHandler.h */ = {isa = PBXFileReference; fileEncoding = 4; lastKnownFileType = sourcecode.c.h; path = SectionSessionHandler.h; sourceTree = "<group>"; };
		83D6BDC111EF051700FBC0FE /* SectionSessionHandler.m */ = {isa = PBXFileReference; fileEncoding = 4; lastKnownFileType = sourcecode.c.objc; path = SectionSessionHandler.m; sourceTree = "<group>"; };
		83D6BFE511EF3A7B00FBC0FE /* JZLabel.h */ = {isa = PBXFileReference; fileEncoding = 4; lastKnownFileType = sourcecode.c.h; path = JZLabel.h; sourceTree = "<group>"; };
		83D6BFE611EF3A7B00FBC0FE /* JZLabel.m */ = {isa = PBXFileReference; fileEncoding = 4; lastKnownFileType = sourcecode.c.objc; path = JZLabel.m; sourceTree = "<group>"; };
		83D6BFE711EF3A7B00FBC0FE /* JZSession.h */ = {isa = PBXFileReference; fileEncoding = 4; lastKnownFileType = sourcecode.c.h; path = JZSession.h; sourceTree = "<group>"; };
		83D6BFE811EF3A7B00FBC0FE /* JZSession.m */ = {isa = PBXFileReference; fileEncoding = 4; lastKnownFileType = sourcecode.c.objc; path = JZSession.m; sourceTree = "<group>"; };
		83D6BFE911EF3A7B00FBC0FE /* Section.h */ = {isa = PBXFileReference; fileEncoding = 4; lastKnownFileType = sourcecode.c.h; path = Section.h; sourceTree = "<group>"; };
		83D6BFEA11EF3A7B00FBC0FE /* Section.m */ = {isa = PBXFileReference; fileEncoding = 4; lastKnownFileType = sourcecode.c.objc; path = Section.m; sourceTree = "<group>"; };
		83D6BFEB11EF3A7B00FBC0FE /* JZSessionBio.h */ = {isa = PBXFileReference; fileEncoding = 4; lastKnownFileType = sourcecode.c.h; path = JZSessionBio.h; sourceTree = "<group>"; };
		83D6BFEC11EF3A7B00FBC0FE /* JZSessionBio.m */ = {isa = PBXFileReference; fileEncoding = 4; lastKnownFileType = sourcecode.c.objc; path = JZSessionBio.m; sourceTree = "<group>"; };
		83D6BFED11EF3A7B00FBC0FE /* UserSession.h */ = {isa = PBXFileReference; fileEncoding = 4; lastKnownFileType = sourcecode.c.h; path = UserSession.h; sourceTree = "<group>"; };
		83D6BFEE11EF3A7B00FBC0FE /* UserSession.m */ = {isa = PBXFileReference; fileEncoding = 4; lastKnownFileType = sourcecode.c.objc; path = UserSession.m; sourceTree = "<group>"; };
		83D6C06F11EF922500FBC0FE /* DetailedSessionView.xib */ = {isa = PBXFileReference; lastKnownFileType = file.xib; path = DetailedSessionView.xib; sourceTree = "<group>"; };
		83D6C07011EF922500FBC0FE /* DetailedSessionViewController.h */ = {isa = PBXFileReference; fileEncoding = 4; lastKnownFileType = sourcecode.c.h; path = DetailedSessionViewController.h; sourceTree = "<group>"; };
		83D6C07111EF922500FBC0FE /* DetailedSessionViewController.m */ = {isa = PBXFileReference; fileEncoding = 4; lastKnownFileType = sourcecode.c.objc; path = DetailedSessionViewController.m; sourceTree = "<group>"; };
		8D1107310486CEB800E47090 /* incogito-Info.plist */ = {isa = PBXFileReference; fileEncoding = 4; lastKnownFileType = text.plist.xml; path = "incogito-Info.plist"; plistStructureDefinitionIdentifier = "com.apple.xcode.plist.structure-definition.iphone.info-plist"; sourceTree = "<group>"; };
/* End PBXFileReference section */

/* Begin PBXFrameworksBuildPhase section */
		1D60588F0D05DD3D006BFB54 /* Frameworks */ = {
			isa = PBXFrameworksBuildPhase;
			buildActionMask = 2147483647;
			files = (
				1D60589F0D05DD5A006BFB54 /* Foundation.framework in Frameworks */,
				1DF5F4E00D08C38300B7A737 /* UIKit.framework in Frameworks */,
				288765A50DF7441C002DB57D /* CoreGraphics.framework in Frameworks */,
				28D801B40F44B63D00FB423F /* CoreData.framework in Frameworks */,
				830859E2120F30DE00F74041 /* MapKit.framework in Frameworks */,
				83C3C1D5120FDC6500B23253 /* QuartzCore.framework in Frameworks */,
			);
			runOnlyForDeploymentPostprocessing = 0;
		};
/* End PBXFrameworksBuildPhase section */

/* Begin PBXGroup section */
		080E96DDFE201D6D7F000001 /* Classes */ = {
			isa = PBXGroup;
			children = (
				83F2D54411EBB56B0043A75E /* REST */,
				830859C8120F2FF300F74041 /* ClubzoneMapAnnotation.h */,
				830859C9120F2FF300F74041 /* ClubzoneMapAnnotation.m */,
				83576C7D120BF48A008CC97E /* ClubZoneViewController.h */,
				83576C7E120BF48A008CC97E /* ClubZoneViewController.m */,
				83D6C07011EF922500FBC0FE /* DetailedSessionViewController.h */,
				83D6C07111EF922500FBC0FE /* DetailedSessionViewController.m */,
				1D3623240D0F684500981E51 /* IncogitoAppDelegate.h */,
				1D3623250D0F684500981E51 /* IncogitoAppDelegate.m */,
				830859CA120F2FF300F74041 /* MapViewController.h */,
				830859CB120F2FF300F74041 /* MapViewController.m */,
				83424EBA11EDB79400590A7A /* MyProgrammeViewController.h */,
				83424EBB11EDB79400590A7A /* MyProgrammeViewController.m */,
				83424E8E11EDB68000590A7A /* NowAndNextViewController.h */,
				83424E8F11EDB68000590A7A /* NowAndNextViewController.m */,
				83424B2C11ED88E700590A7A /* OverviewViewController.h */,
				83424B2D11ED88E700590A7A /* OverviewViewController.m */,
				831AE80611FF5254008CB371 /* RefreshCommonViewController.h */,
				831AE80711FF5254008CB371 /* RefreshCommonViewController.m */,
				83D6BCF711EEF3A100FBC0FE /* SectionInitializer.h */,
				83D6BCF811EEF3A100FBC0FE /* SectionInitializer.m */,
				83D6BDC011EF051700FBC0FE /* SectionSessionHandler.h */,
				83D6BDC111EF051700FBC0FE /* SectionSessionHandler.m */,
				83D1762311F18C3300D89884 /* SessionCommonViewController.h */,
				83D1762411F18C3300D89884 /* SessionCommonViewController.m */,
				831F5333120BFFD20027A8A4 /* SettingsViewController.h */,
				831F5334120BFFD20027A8A4 /* SettingsViewController.m */,
			);
			path = Classes;
			sourceTree = "<group>";
		};
		19C28FACFE9D520D11CA2CBB /* Products */ = {
			isa = PBXGroup;
			children = (
				1D6058910D05DD3D006BFB54 /* JavaZone.app */,
			);
			name = Products;
			sourceTree = "<group>";
		};
		29B97314FDCFA39411CA2CEA /* CustomTemplate */ = {
			isa = PBXGroup;
			children = (
				080E96DDFE201D6D7F000001 /* Classes */,
				29B97315FDCFA39411CA2CEA /* Other Sources */,
				29B97317FDCFA39411CA2CEA /* Resources */,
				29B97323FDCFA39411CA2CEA /* Frameworks */,
				19C28FACFE9D520D11CA2CBB /* Products */,
			);
			name = CustomTemplate;
			sourceTree = "<group>";
		};
		29B97315FDCFA39411CA2CEA /* Other Sources */ = {
			isa = PBXGroup;
			children = (
				32CA4F630368D1EE00C91783 /* incogito_Prefix.pch */,
				29B97316FDCFA39411CA2CEA /* main.m */,
			);
			name = "Other Sources";
			sourceTree = "<group>";
		};
		29B97317FDCFA39411CA2CEA /* Resources */ = {
			isa = PBXGroup;
			children = (
				83827C2611F87A1A00A74CC1 /* Images */,
				83827C1A11F8797600A74CC1 /* Windows */,
				2819305F112F816700ECF9B4 /* incogito.xcdatamodeld */,
				8D1107310486CEB800E47090 /* incogito-Info.plist */,
				833A524311F840AD00E070D2 /* style.css */,
			);
			name = Resources;
			sourceTree = "<group>";
		};
		29B97323FDCFA39411CA2CEA /* Frameworks */ = {
			isa = PBXGroup;
			children = (
				83C3C1D4120FDC6500B23253 /* QuartzCore.framework */,
				830859E1120F30DE00F74041 /* MapKit.framework */,
				1DF5F4DF0D08C38300B7A737 /* UIKit.framework */,
				1D30AB110D05D00D00671497 /* Foundation.framework */,
				288765A40DF7441C002DB57D /* CoreGraphics.framework */,
				28D801B30F44B63D00FB423F /* CoreData.framework */,
			);
			name = Frameworks;
			sourceTree = "<group>";
		};
		831F5339120C03170027A8A4 /* labels */ = {
			isa = PBXGroup;
			children = (
				831F5345120C03380027A8A4 /* all.png */,
				831F534B120C03380027A8A4 /* enterprise-architecture-and-integration.png */,
			);
			path = labels;
			sourceTree = "<group>";
		};
		83424B3611ED981200590A7A /* icons */ = {
			isa = PBXGroup;
			children = (
				83C3C17B120FD8FA00B23253 /* 74-location-active.png */,
				83424B3711ED981200590A7A /* 01-refresh.png */,
				83424B3811ED981200590A7A /* 02-redo.png */,
				83424B3911ED981200590A7A /* 03-loopback.png */,
				83424B3A11ED981200590A7A /* 04-squiggle.png */,
				83424B3B11ED981200590A7A /* 05-shuffle.png */,
				83424B3C11ED981200590A7A /* 06-magnifying-glass.png */,
				83424B3D11ED981200590A7A /* 07-map-marker.png */,
				83424B3E11ED981200590A7A /* 08-chat.png */,
				83424B3F11ED981200590A7A /* 09-chat2.png */,
				83424B4011ED981200590A7A /* 10-medical.png */,
				83424B4111ED981200590A7A /* 100-coffee.png */,
				83424B4211ED981200590A7A /* 101-gameplan.png */,
				83424B4311ED981200590A7A /* 102-walk.png */,
				83424B4411ED981200590A7A /* 103-map.png */,
				83424B4511ED981200590A7A /* 104-index-cards.png */,
				83424B4611ED981200590A7A /* 105-piano.png */,
				83424B4711ED981200590A7A /* 106-sliders.png */,
				83424B4811ED981200590A7A /* 107-widescreen.png */,
				83424B4911ED981200590A7A /* 108-badge.png */,
				83424B4A11ED981200590A7A /* 109-chicken.png */,
				83424B4B11ED981200590A7A /* 11-clock.png */,
				83424B4C11ED981200590A7A /* 110-bug.png */,
				83424B4D11ED981200590A7A /* 111-user.png */,
				83424B4E11ED981200590A7A /* 112-group.png */,
				83424B4F11ED981200590A7A /* 113-navigation.png */,
				83424B5011ED981200590A7A /* 114-balloon.png */,
				83424B5111ED981200590A7A /* 115-bow-and-arrow.png */,
				83424B5211ED981200590A7A /* 116-controller.png */,
				83424B5311ED981200590A7A /* 117-todo.png */,
				83424B5411ED981200590A7A /* 118-coathanger.png */,
				83424B5511ED981200590A7A /* 119-piggybank.png */,
				83424B5611ED981200590A7A /* 12-eye.png */,
				83424B5711ED981200590A7A /* 120-headphones.png */,
				83424B5811ED981200590A7A /* 121-lanscape.png */,
				83424B5911ED981300590A7A /* 122-stats.png */,
				83424B5A11ED981300590A7A /* 123-id-card.png */,
				83424B5B11ED981300590A7A /* 124-bullhorn.png */,
				83424B5C11ED981300590A7A /* 125-food.png */,
				83424B5D11ED981300590A7A /* 126-moon.png */,
				83424B5E11ED981300590A7A /* 127-sock.png */,
				83424B5F11ED981300590A7A /* 128-bone.png */,
				83424B6011ED981300590A7A /* 129-golf.png */,
				83424B6111ED981300590A7A /* 13-target.png */,
				83424B6211ED981300590A7A /* 130-dice.png */,
				83424B6311ED981300590A7A /* 14-tag.png */,
				83424B6411ED981300590A7A /* 15-tags.png */,
				83424B6511ED981300590A7A /* 16-line-chart.png */,
				83424B6611ED981300590A7A /* 17-bar-chart.png */,
				83424B6711ED981300590A7A /* 18-envelope.png */,
				83424B6811ED981300590A7A /* 19-gear.png */,
				83424B6911ED981300590A7A /* 20-gear2.png */,
				83424B6A11ED981300590A7A /* 21-skull.png */,
				83424B6B11ED981300590A7A /* 22-skull-n-crossbones.png */,
				83424B6C11ED981300590A7A /* 23-bird.png */,
				83424B6D11ED981300590A7A /* 24-gift.png */,
				83424B6E11ED981300590A7A /* 25-weather.png */,
				83424B6F11ED981300590A7A /* 26-bandaid.png */,
				83424B7011ED981300590A7A /* 27-planet.png */,
				83424B7111ED981300590A7A /* 28-star.png */,
				83424B7211ED981300590A7A /* 29-heart.png */,
				83424B7311ED981300590A7A /* 30-key.png */,
				83424B7411ED981300590A7A /* 31-ipod.png */,
				83424B7511ED981300590A7A /* 32-iphone.png */,
				83424B7611ED981300590A7A /* 33-cabinet.png */,
				83424B7711ED981300590A7A /* 34-coffee.png */,
				83424B7811ED981300590A7A /* 35-shopping-bag.png */,
				83424B7911ED981300590A7A /* 36-toolbox.png */,
				83424B7A11ED981300590A7A /* 37-suitcase.png */,
				83424B7B11ED981300590A7A /* 38-airplane.png */,
				83424B7C11ED981300590A7A /* 39-spraycan.png */,
				83424B7D11ED981300590A7A /* 40-inbox.png */,
				83424B7E11ED981300590A7A /* 41-picture-frame.png */,
				83424B7F11ED981300590A7A /* 42-photos.png */,
				83424B8011ED981300590A7A /* 43-film-roll.png */,
				83424B8111ED981300590A7A /* 44-shoebox.png */,
				83424B8211ED981300590A7A /* 45-movie1.png */,
				83424B8311ED981300590A7A /* 46-movie2.png */,
				83424B8411ED981300590A7A /* 47-fuel.png */,
				83424B8511ED981300590A7A /* 48-fork-and-knife.png */,
				83424B8611ED981300590A7A /* 49-battery.png */,
				83424B8711ED981300590A7A /* 50-beaker.png */,
				83424B8811ED981300590A7A /* 51-outlet.png */,
				83424B8911ED981300590A7A /* 52-pinetree.png */,
				83424B8A11ED981300590A7A /* 53-house.png */,
				83424B8B11ED981300590A7A /* 54-lock.png */,
				83424B8C11ED981300590A7A /* 55-network.png */,
				83424B8D11ED981300590A7A /* 56-cloud.png */,
				83424B8E11ED981300590A7A /* 57-download.png */,
				83424B8F11ED981300590A7A /* 58-bookmark.png */,
				83424B9011ED981300590A7A /* 59-flag.png */,
				83424B9111ED981300590A7A /* 60-signpost.png */,
				83424B9211ED981300590A7A /* 61-brightness.png */,
				83424B9311ED981300590A7A /* 62-contrast.png */,
				83424B9411ED981300590A7A /* 63-runner.png */,
				83424B9511ED981300590A7A /* 64-zap.png */,
				83424B9611ED981300590A7A /* 65-note.png */,
				83424B9711ED981300590A7A /* 66-microphone.png */,
				83424B9811ED981300590A7A /* 67-tshirt.png */,
				83424B9911ED981300590A7A /* 68-paperclip.png */,
				83424B9A11ED981300590A7A /* 69-display.png */,
				83424B9B11ED981300590A7A /* 70-tv.png */,
				83424B9C11ED981300590A7A /* 71-compass.png */,
				83424B9D11ED981300590A7A /* 72-pin.png */,
				83424B9E11ED981300590A7A /* 73-radar.png */,
				83424B9F11ED981300590A7A /* 74-location.png */,
				83424BA011ED981300590A7A /* 75-phone.png */,
				83424BA111ED981300590A7A /* 76-baby.png */,
				83424BA211ED981300590A7A /* 77-ekg.png */,
				83424BA311ED981300590A7A /* 78-stopwatch.png */,
				83424BA411ED981300590A7A /* 79-medical-bag.png */,
				83424BA511ED981300590A7A /* 80-shopping-cart.png */,
				83424BA611ED981300590A7A /* 81-dashboard.png */,
				83424BA711ED981300590A7A /* 82-dogpaw.png */,
				83424BA811ED981300590A7A /* 83-calendar.png */,
				83424BA911ED981300590A7A /* 84-lightbulb.png */,
				83424BAA11ED981300590A7A /* 85-trophy.png */,
				83424BAB11ED981300590A7A /* 86-camera.png */,
				83424BAC11ED981300590A7A /* 87-wineglass.png */,
				83424BAD11ED981300590A7A /* 88-beermug.png */,
				83424BAE11ED981300590A7A /* 89-dumbbell.png */,
				83424BAF11ED981300590A7A /* 90-lifebuoy.png */,
				83424BB011ED981300590A7A /* 91-beaker2.png */,
				83424BB111ED981300590A7A /* 92-testtube.png */,
				83424BB211ED981300590A7A /* 93-thermometer.png */,
				83424BB311ED981300590A7A /* 94-pill.png */,
				83424BB411ED981300590A7A /* 95-equalizer.png */,
				83424BB511ED981300590A7A /* 96-book.png */,
				83424BB611ED981300590A7A /* 97-puzzle.png */,
				83424BB711ED981300590A7A /* 98-palette.png */,
				83424BB811ED981300590A7A /* 99-umbrella.png */,
			);
			path = icons;
			sourceTree = "<group>";
		};
		83827C1A11F8797600A74CC1 /* Windows */ = {
			isa = PBXGroup;
			children = (
				830859CF120F300A00F74041 /* Map.xib */,
				834964D311F0910A008BB29F /* Update.xib */,
				83D6C06F11EF922500FBC0FE /* DetailedSessionView.xib */,
				83424B2111ED882F00590A7A /* Overview.xib */,
				28AD733E0D9D9553002E5188 /* MainWindow.xib */,
				83424E9111EDB68D00590A7A /* NowAndNext.xib */,
				83424EC011EDB7E300590A7A /* MyProgramme.xib */,
				83576C7B120BF478008CC97E /* ClubZone.xib */,
				831F5331120BFFC40027A8A4 /* Settings.xib */,
			);
			path = Windows;
			sourceTree = "<group>";
		};
		83827C2611F87A1A00A74CC1 /* Images */ = {
			isa = PBXGroup;
			children = (
				831F5339120C03170027A8A4 /* labels */,
				83713C03120AD6A0000050A7 /* star-checked.png */,
				83713C04120AD6A0000050A7 /* star-pressed.png */,
				83713C05120AD6A0000050A7 /* star.png */,
				830B12B511EDCA66004A9B25 /* Advanced.png */,
				830B12B611EDCA66004A9B25 /* Intermediate.png */,
				830B12B711EDCA66004A9B25 /* Introductory.png */,
				83424B3611ED981200590A7A /* icons */,
				8393654711F34EA700BBE43A /* Default.png */,
				834243EA11E74CAD00B438A8 /* Icon.png */,
			);
			path = Images;
			sourceTree = "<group>";
		};
		8394725811EB98B10075C4C1 /* JSON */ = {
			isa = PBXGroup;
			children = (
				8394725911EB98B10075C4C1 /* JSON.h */,
				8394725A11EB98B10075C4C1 /* NSObject+SBJSON.h */,
				8394725B11EB98B10075C4C1 /* NSObject+SBJSON.m */,
				8394725C11EB98B10075C4C1 /* NSString+SBJSON.h */,
				8394725D11EB98B10075C4C1 /* NSString+SBJSON.m */,
				8394725E11EB98B10075C4C1 /* SBJSON.h */,
				8394725F11EB98B10075C4C1 /* SBJSON.m */,
				8394726011EB98B10075C4C1 /* SBJsonBase.h */,
				8394726111EB98B10075C4C1 /* SBJsonBase.m */,
				8394726211EB98B10075C4C1 /* SBJsonParser.h */,
				8394726311EB98B10075C4C1 /* SBJsonParser.m */,
				8394726411EB98B10075C4C1 /* SBJsonWriter.h */,
				8394726511EB98B10075C4C1 /* SBJsonWriter.m */,
			);
			path = JSON;
			sourceTree = "<group>";
		};
		83F2D54411EBB56B0043A75E /* REST */ = {
			isa = PBXGroup;
			children = (
				8394723A11EB98500075C4C1 /* JavazoneSessionsRetriever.h */,
				8394723B11EB98500075C4C1 /* JavazoneSessionsRetriever.m */,
				8394725811EB98B10075C4C1 /* JSON */,
			);
			path = REST;
			sourceTree = "<group>";
		};
/* End PBXGroup section */

/* Begin PBXNativeTarget section */
		1D6058900D05DD3D006BFB54 /* incogito */ = {
			isa = PBXNativeTarget;
			buildConfigurationList = 1D6058960D05DD3E006BFB54 /* Build configuration list for PBXNativeTarget "incogito" */;
			buildPhases = (
				1D60588D0D05DD3D006BFB54 /* Resources */,
				1D60588E0D05DD3D006BFB54 /* Sources */,
				1D60588F0D05DD3D006BFB54 /* Frameworks */,
			);
			buildRules = (
			);
			dependencies = (
			);
			name = incogito;
			productName = incogito;
			productReference = 1D6058910D05DD3D006BFB54 /* JavaZone.app */;
			productType = "com.apple.product-type.application";
		};
/* End PBXNativeTarget section */

/* Begin PBXProject section */
		29B97313FDCFA39411CA2CEA /* Project object */ = {
			isa = PBXProject;
			attributes = {
				ORGANIZATIONNAME = "Chris Searle";
			};
			buildConfigurationList = C01FCF4E08A954540054247B /* Build configuration list for PBXProject "incogito" */;
			compatibilityVersion = "Xcode 3.2";
			hasScannedForEncodings = 1;
			mainGroup = 29B97314FDCFA39411CA2CEA /* CustomTemplate */;
			projectDirPath = "";
			projectRoot = "";
			targets = (
				1D6058900D05DD3D006BFB54 /* incogito */,
			);
		};
/* End PBXProject section */

/* Begin PBXResourcesBuildPhase section */
		1D60588D0D05DD3D006BFB54 /* Resources */ = {
			isa = PBXResourcesBuildPhase;
			buildActionMask = 2147483647;
			files = (
				28AD733F0D9D9553002E5188 /* MainWindow.xib in Resources */,
				834243EB11E74CAD00B438A8 /* Icon.png in Resources */,
				83424B2211ED882F00590A7A /* Overview.xib in Resources */,
				83424E9211EDB68D00590A7A /* NowAndNext.xib in Resources */,
				83424EC111EDB7E300590A7A /* MyProgramme.xib in Resources */,
				830B12AA11EDC9EC004A9B25 /* 11-clock.png in Resources */,
				830B12AC11EDCA05004A9B25 /* 83-calendar.png in Resources */,
				830B12B811EDCA66004A9B25 /* Advanced.png in Resources */,
				830B12B911EDCA66004A9B25 /* Intermediate.png in Resources */,
				830B12BA11EDCA66004A9B25 /* Introductory.png in Resources */,
				83D6C07211EF922500FBC0FE /* DetailedSessionView.xib in Resources */,
				8317CED711F038BB00DE7415 /* 28-star.png in Resources */,
				834964D411F0910A008BB29F /* Update.xib in Resources */,
				8393654811F34EA700BBE43A /* Default.png in Resources */,
				833A524411F840AD00E070D2 /* style.css in Resources */,
				83713C06120AD6A0000050A7 /* star-checked.png in Resources */,
				83713C07120AD6A0000050A7 /* star-pressed.png in Resources */,
				83713C08120AD6A0000050A7 /* star.png in Resources */,
				83576C7C120BF478008CC97E /* ClubZone.xib in Resources */,
				83576C82120BF54C008CC97E /* 112-group.png in Resources */,
				831F532B120BFFB60027A8A4 /* 19-gear.png in Resources */,
				831F5332120BFFC40027A8A4 /* Settings.xib in Resources */,
				831F5357120C03380027A8A4 /* all.png in Resources */,
				831F535D120C03380027A8A4 /* enterprise-architecture-and-integration.png in Resources */,
				830859D0120F300A00F74041 /* Map.xib in Resources */,
				83741769120F3AC700B816A2 /* 74-location.png in Resources */,
				83C3C17C120FD8FA00B23253 /* 74-location-active.png in Resources */,
			);
			runOnlyForDeploymentPostprocessing = 0;
		};
/* End PBXResourcesBuildPhase section */

/* Begin PBXSourcesBuildPhase section */
		1D60588E0D05DD3D006BFB54 /* Sources */ = {
			isa = PBXSourcesBuildPhase;
			buildActionMask = 2147483647;
			files = (
				1D60589B0D05DD56006BFB54 /* main.m in Sources */,
				1D3623260D0F684500981E51 /* IncogitoAppDelegate.m in Sources */,
				28193060112F816700ECF9B4 /* incogito.xcdatamodeld in Sources */,
				8394723C11EB98500075C4C1 /* JavazoneSessionsRetriever.m in Sources */,
				8394726611EB98B10075C4C1 /* NSObject+SBJSON.m in Sources */,
				8394726711EB98B10075C4C1 /* NSString+SBJSON.m in Sources */,
				8394726811EB98B10075C4C1 /* SBJSON.m in Sources */,
				8394726911EB98B10075C4C1 /* SBJsonBase.m in Sources */,
				8394726A11EB98B10075C4C1 /* SBJsonParser.m in Sources */,
				8394726B11EB98B10075C4C1 /* SBJsonWriter.m in Sources */,
				83424B2E11ED88E700590A7A /* OverviewViewController.m in Sources */,
				83424E9011EDB68000590A7A /* NowAndNextViewController.m in Sources */,
				83424EBC11EDB79400590A7A /* MyProgrammeViewController.m in Sources */,
				83D6BCF911EEF3A100FBC0FE /* SectionInitializer.m in Sources */,
				83D6BDC211EF051700FBC0FE /* SectionSessionHandler.m in Sources */,
				83D6BFEF11EF3A7B00FBC0FE /* JZLabel.m in Sources */,
				83D6BFF011EF3A7B00FBC0FE /* JZSession.m in Sources */,
				83D6BFF111EF3A7B00FBC0FE /* Section.m in Sources */,
				83D6BFF211EF3A7B00FBC0FE /* JZSessionBio.m in Sources */,
				83D6BFF311EF3A7B00FBC0FE /* UserSession.m in Sources */,
				83D6C07311EF922500FBC0FE /* DetailedSessionViewController.m in Sources */,
				83D1762511F18C3300D89884 /* SessionCommonViewController.m in Sources */,
				831AE80811FF5254008CB371 /* RefreshCommonViewController.m in Sources */,
				83576C7F120BF48A008CC97E /* ClubZoneViewController.m in Sources */,
				831F5335120BFFD20027A8A4 /* SettingsViewController.m in Sources */,
				830859CC120F2FF300F74041 /* ClubzoneMapAnnotation.m in Sources */,
				830859CD120F2FF300F74041 /* MapViewController.m in Sources */,
			);
			runOnlyForDeploymentPostprocessing = 0;
		};
/* End PBXSourcesBuildPhase section */

/* Begin XCBuildConfiguration section */
		1D6058940D05DD3E006BFB54 /* Debug */ = {
			isa = XCBuildConfiguration;
			buildSettings = {
				ALWAYS_SEARCH_USER_PATHS = NO;
				COPY_PHASE_STRIP = NO;
				GCC_DYNAMIC_NO_PIC = NO;
				GCC_OPTIMIZATION_LEVEL = 0;
				GCC_PRECOMPILE_PREFIX_HEADER = YES;
				GCC_PREFIX_HEADER = incogito_Prefix.pch;
				INFOPLIST_FILE = "incogito-Info.plist";
				IPHONEOS_DEPLOYMENT_TARGET = 3.1;
				OTHER_CFLAGS = (
					"-DUSE_DUMMY_LABELS=1",
					"-DNOW_AND_NEXT_USE_TEST_DATE=1",
				);
				PRODUCT_NAME = JavaZone;
				SDKROOT = iphoneos4.0;
			};
			name = Debug;
		};
		1D6058950D05DD3E006BFB54 /* Release */ = {
			isa = XCBuildConfiguration;
			buildSettings = {
				ALWAYS_SEARCH_USER_PATHS = NO;
				"CODE_SIGN_IDENTITY[sdk=iphoneos*]" = "iPhone Developer";
				COPY_PHASE_STRIP = YES;
				GCC_PRECOMPILE_PREFIX_HEADER = YES;
				GCC_PREFIX_HEADER = incogito_Prefix.pch;
				INFOPLIST_FILE = "incogito-Info.plist";
				PRODUCT_NAME = JavaZone;
				"PROVISIONING_PROFILE[sdk=iphoneos*]" = "";
				SDKROOT = iphoneos3.2;
				VALIDATE_PRODUCT = YES;
			};
			name = Release;
		};
		83632E3A1200208C00F0E82B /* Distribution */ = {
			isa = XCBuildConfiguration;
			buildSettings = {
				ARCHS = "$(ARCHS_STANDARD_32_BIT)";
				"CODE_SIGN_IDENTITY[sdk=iphoneos*]" = "iPhone Distribution: Chris Searle";
				GCC_C_LANGUAGE_STANDARD = c99;
				GCC_WARN_ABOUT_RETURN_TYPE = YES;
				GCC_WARN_UNUSED_VARIABLE = YES;
				IPHONEOS_DEPLOYMENT_TARGET = 3.1;
				OTHER_CFLAGS = "-DNS_BLOCK_ASSERTIONS=1";
				PREBINDING = NO;
				"PROVISIONING_PROFILE[sdk=iphoneos*]" = "DB50CA72-E0BF-400D-87D7-A452F50DBEF1";
				SDKROOT = iphoneos4.0;
			};
			name = Distribution;
		};
		83632E3B1200208C00F0E82B /* Distribution */ = {
			isa = XCBuildConfiguration;
			buildSettings = {
				ALWAYS_SEARCH_USER_PATHS = NO;
				COPY_PHASE_STRIP = YES;
				GCC_PRECOMPILE_PREFIX_HEADER = YES;
				GCC_PREFIX_HEADER = incogito_Prefix.pch;
				INFOPLIST_FILE = "incogito-Info.plist";
				IPHONEOS_DEPLOYMENT_TARGET = 3.1;
				PRODUCT_NAME = JavaZone;
				SDKROOT = iphoneos4.0;
				VALIDATE_PRODUCT = YES;
			};
			name = Distribution;
		};
		838660C711F2EA0D0017058B /* Debug with trace logging */ = {
			isa = XCBuildConfiguration;
			buildSettings = {
				ARCHS = "$(ARCHS_STANDARD_32_BIT)";
				"CODE_SIGN_IDENTITY[sdk=iphoneos*]" = "iPhone Developer";
				GCC_C_LANGUAGE_STANDARD = c99;
				GCC_WARN_ABOUT_RETURN_TYPE = YES;
				GCC_WARN_UNUSED_VARIABLE = YES;
				OTHER_CFLAGS = (
					"-DLOG_FUNCTION_TIMES=1",
					"-DNOW_AND_NEXT_USE_TEST_DATE=1",
				);
				PREBINDING = NO;
				SDKROOT = iphoneos4.0;
			};
			name = "Debug with trace logging";
		};
		838660C811F2EA0D0017058B /* Debug with trace logging */ = {
			isa = XCBuildConfiguration;
			buildSettings = {
				ALWAYS_SEARCH_USER_PATHS = NO;
				COPY_PHASE_STRIP = NO;
				GCC_DYNAMIC_NO_PIC = NO;
				GCC_OPTIMIZATION_LEVEL = 0;
				GCC_PRECOMPILE_PREFIX_HEADER = YES;
				GCC_PREFIX_HEADER = incogito_Prefix.pch;
				INFOPLIST_FILE = "incogito-Info.plist";
				IPHONEOS_DEPLOYMENT_TARGET = 3.1;
				OTHER_CFLAGS = (
					"-DLOG_FUNCTION_TIMES=1",
					"-DNOW_AND_NEXT_USE_TEST_DATE=1",
				);
				PRODUCT_NAME = JavaZone;
				SDKROOT = iphoneos4.0;
			};
			name = "Debug with trace logging";
		};
		C01FCF4F08A954540054247B /* Debug */ = {
			isa = XCBuildConfiguration;
			buildSettings = {
				ARCHS = "$(ARCHS_STANDARD_32_BIT)";
				"CODE_SIGN_IDENTITY[sdk=iphoneos*]" = "iPhone Developer";
				GCC_C_LANGUAGE_STANDARD = c99;
				GCC_WARN_ABOUT_RETURN_TYPE = YES;
				GCC_WARN_UNUSED_VARIABLE = YES;
				OTHER_CFLAGS = "-DNOW_AND_NEXT_USE_TEST_DATE=1";
				PREBINDING = NO;
				SDKROOT = iphoneos4.0;
			};
			name = Debug;
		};
		C01FCF5008A954540054247B /* Release */ = {
			isa = XCBuildConfiguration;
			buildSettings = {
				ARCHS = "$(ARCHS_STANDARD_32_BIT)";
				"CODE_SIGN_IDENTITY[sdk=iphoneos*]" = "iPhone Developer";
				GCC_C_LANGUAGE_STANDARD = c99;
				GCC_WARN_ABOUT_RETURN_TYPE = YES;
				GCC_WARN_UNUSED_VARIABLE = YES;
				OTHER_CFLAGS = "-DNS_BLOCK_ASSERTIONS=1";
				PREBINDING = NO;
				SDKROOT = iphoneos4.0;
			};
			name = Release;
		};
/* End XCBuildConfiguration section */

/* Begin XCConfigurationList section */
		1D6058960D05DD3E006BFB54 /* Build configuration list for PBXNativeTarget "incogito" */ = {
			isa = XCConfigurationList;
			buildConfigurations = (
				1D6058940D05DD3E006BFB54 /* Debug */,
				838660C811F2EA0D0017058B /* Debug with trace logging */,
				1D6058950D05DD3E006BFB54 /* Release */,
				83632E3B1200208C00F0E82B /* Distribution */,
			);
			defaultConfigurationIsVisible = 0;
			defaultConfigurationName = Release;
		};
		C01FCF4E08A954540054247B /* Build configuration list for PBXProject "incogito" */ = {
			isa = XCConfigurationList;
			buildConfigurations = (
				C01FCF4F08A954540054247B /* Debug */,
				838660C711F2EA0D0017058B /* Debug with trace logging */,
				C01FCF5008A954540054247B /* Release */,
				83632E3A1200208C00F0E82B /* Distribution */,
			);
			defaultConfigurationIsVisible = 0;
			defaultConfigurationName = Release;
		};
/* End XCConfigurationList section */

/* Begin XCVersionGroup section */
		2819305F112F816700ECF9B4 /* incogito.xcdatamodeld */ = {
			isa = XCVersionGroup;
			children = (
				83D6BFE511EF3A7B00FBC0FE /* JZLabel.h */,
				83D6BFE611EF3A7B00FBC0FE /* JZLabel.m */,
				83D6BFE711EF3A7B00FBC0FE /* JZSession.h */,
				83D6BFE811EF3A7B00FBC0FE /* JZSession.m */,
				83D6BFE911EF3A7B00FBC0FE /* Section.h */,
				83D6BFEA11EF3A7B00FBC0FE /* Section.m */,
				83D6BFEB11EF3A7B00FBC0FE /* JZSessionBio.h */,
				83D6BFEC11EF3A7B00FBC0FE /* JZSessionBio.m */,
				83D6BFED11EF3A7B00FBC0FE /* UserSession.h */,
				83D6BFEE11EF3A7B00FBC0FE /* UserSession.m */,
				28C3AD890F43EF2300507BA6 /* incogito.xcdatamodel */,
			);
			currentVersion = 28C3AD890F43EF2300507BA6 /* incogito.xcdatamodel */;
			path = incogito.xcdatamodeld;
			sourceTree = "<group>";
			versionGroupType = wrapper.xcdatamodel;
		};
/* End XCVersionGroup section */
	};
	rootObject = 29B97313FDCFA39411CA2CEA /* Project object */;
}
